// !$*UTF8*$!
{
	archiveVersion = 1;
	classes = {
	};
	objectVersion = 50;
	objects = {

/* Begin PBXBuildFile section */
		4875F43A22C6431D0010052E /* AppDelegate.swift in Sources */ = {isa = PBXBuildFile; fileRef = 4875F43922C6431D0010052E /* AppDelegate.swift */; };
		4875F43C22C6431D0010052E /* ViewController.swift in Sources */ = {isa = PBXBuildFile; fileRef = 4875F43B22C6431D0010052E /* ViewController.swift */; };
		4875F43F22C6431D0010052E /* Main.storyboard in Resources */ = {isa = PBXBuildFile; fileRef = 4875F43D22C6431D0010052E /* Main.storyboard */; };
		4875F44122C6431E0010052E /* Assets.xcassets in Resources */ = {isa = PBXBuildFile; fileRef = 4875F44022C6431E0010052E /* Assets.xcassets */; };
		4875F44422C6431E0010052E /* LaunchScreen.storyboard in Resources */ = {isa = PBXBuildFile; fileRef = 4875F44222C6431E0010052E /* LaunchScreen.storyboard */; };
		4875F45422C6444A0010052E /* CustomCell1.swift in Sources */ = {isa = PBXBuildFile; fileRef = 4875F45222C6444A0010052E /* CustomCell1.swift */; };
		4875F45522C6444A0010052E /* CustomCell1.xib in Resources */ = {isa = PBXBuildFile; fileRef = 4875F45322C6444A0010052E /* CustomCell1.xib */; };
		4875F45822C644B30010052E /* CustomCell2.swift in Sources */ = {isa = PBXBuildFile; fileRef = 4875F45622C644B30010052E /* CustomCell2.swift */; };
		4875F45922C644B30010052E /* CustomCell2.xib in Resources */ = {isa = PBXBuildFile; fileRef = 4875F45722C644B30010052E /* CustomCell2.xib */; };
		4875F45B22C655970010052E /* Constants.swift in Sources */ = {isa = PBXBuildFile; fileRef = 4875F45A22C655970010052E /* Constants.swift */; };
		4875F45E22C657D90010052E /* FirstPersonCell.swift in Sources */ = {isa = PBXBuildFile; fileRef = 4875F45C22C657D90010052E /* FirstPersonCell.swift */; };
		4875F45F22C657D90010052E /* FirstPersonCell.xib in Resources */ = {isa = PBXBuildFile; fileRef = 4875F45D22C657D90010052E /* FirstPersonCell.xib */; };
		4875F46122C676FA0010052E /* DetailsVC.swift in Sources */ = {isa = PBXBuildFile; fileRef = 4875F46022C676FA0010052E /* DetailsVC.swift */; };
		48DA180822C6BAB3007CE6A5 /* BottomMenu.swift in Sources */ = {isa = PBXBuildFile; fileRef = 48DA180722C6BAB3007CE6A5 /* BottomMenu.swift */; };
		48DA180A22C6BAC2007CE6A5 /* BottomMenu.xib in Resources */ = {isa = PBXBuildFile; fileRef = 48DA180922C6BAC2007CE6A5 /* BottomMenu.xib */; };
		48DA180C22C6C091007CE6A5 /* CustomView.swift in Sources */ = {isa = PBXBuildFile; fileRef = 48DA180B22C6C091007CE6A5 /* CustomView.swift */; };
/* End PBXBuildFile section */

/* Begin PBXFileReference section */
		4875F43622C6431D0010052E /* AnyThng.app */ = {isa = PBXFileReference; explicitFileType = wrapper.application; includeInIndex = 0; path = AnyThng.app; sourceTree = BUILT_PRODUCTS_DIR; };
		4875F43922C6431D0010052E /* AppDelegate.swift */ = {isa = PBXFileReference; lastKnownFileType = sourcecode.swift; path = AppDelegate.swift; sourceTree = "<group>"; };
		4875F43B22C6431D0010052E /* ViewController.swift */ = {isa = PBXFileReference; lastKnownFileType = sourcecode.swift; path = ViewController.swift; sourceTree = "<group>"; };
		4875F43E22C6431D0010052E /* Base */ = {isa = PBXFileReference; lastKnownFileType = file.storyboard; name = Base; path = Base.lproj/Main.storyboard; sourceTree = "<group>"; };
		4875F44022C6431E0010052E /* Assets.xcassets */ = {isa = PBXFileReference; lastKnownFileType = folder.assetcatalog; path = Assets.xcassets; sourceTree = "<group>"; };
		4875F44322C6431E0010052E /* Base */ = {isa = PBXFileReference; lastKnownFileType = file.storyboard; name = Base; path = Base.lproj/LaunchScreen.storyboard; sourceTree = "<group>"; };
		4875F44522C6431E0010052E /* Info.plist */ = {isa = PBXFileReference; lastKnownFileType = text.plist.xml; path = Info.plist; sourceTree = "<group>"; };
		4875F45222C6444A0010052E /* CustomCell1.swift */ = {isa = PBXFileReference; lastKnownFileType = sourcecode.swift; path = CustomCell1.swift; sourceTree = "<group>"; };
		4875F45322C6444A0010052E /* CustomCell1.xib */ = {isa = PBXFileReference; lastKnownFileType = file.xib; path = CustomCell1.xib; sourceTree = "<group>"; };
		4875F45622C644B30010052E /* CustomCell2.swift */ = {isa = PBXFileReference; lastKnownFileType = sourcecode.swift; path = CustomCell2.swift; sourceTree = "<group>"; };
		4875F45722C644B30010052E /* CustomCell2.xib */ = {isa = PBXFileReference; lastKnownFileType = file.xib; path = CustomCell2.xib; sourceTree = "<group>"; };
		4875F45A22C655970010052E /* Constants.swift */ = {isa = PBXFileReference; lastKnownFileType = sourcecode.swift; path = Constants.swift; sourceTree = "<group>"; };
		4875F45C22C657D90010052E /* FirstPersonCell.swift */ = {isa = PBXFileReference; lastKnownFileType = sourcecode.swift; path = FirstPersonCell.swift; sourceTree = "<group>"; };
		4875F45D22C657D90010052E /* FirstPersonCell.xib */ = {isa = PBXFileReference; lastKnownFileType = file.xib; path = FirstPersonCell.xib; sourceTree = "<group>"; };
		4875F46022C676FA0010052E /* DetailsVC.swift */ = {isa = PBXFileReference; lastKnownFileType = sourcecode.swift; path = DetailsVC.swift; sourceTree = "<group>"; };
		48DA180722C6BAB3007CE6A5 /* BottomMenu.swift */ = {isa = PBXFileReference; lastKnownFileType = sourcecode.swift; path = BottomMenu.swift; sourceTree = "<group>"; };
		48DA180922C6BAC2007CE6A5 /* BottomMenu.xib */ = {isa = PBXFileReference; lastKnownFileType = file.xib; path = BottomMenu.xib; sourceTree = "<group>"; };
		48DA180B22C6C091007CE6A5 /* CustomView.swift */ = {isa = PBXFileReference; lastKnownFileType = sourcecode.swift; path = CustomView.swift; sourceTree = "<group>"; };
/* End PBXFileReference section */

/* Begin PBXFrameworksBuildPhase section */
		4875F43322C6431D0010052E /* Frameworks */ = {
			isa = PBXFrameworksBuildPhase;
			buildActionMask = 2147483647;
			files = (
			);
			runOnlyForDeploymentPostprocessing = 0;
		};
/* End PBXFrameworksBuildPhase section */

/* Begin PBXGroup section */
		4875F42D22C6431D0010052E = {
			isa = PBXGroup;
			children = (
				4875F43822C6431D0010052E /* AnyThng */,
				4875F43722C6431D0010052E /* Products */,
			);
			sourceTree = "<group>";
		};
		4875F43722C6431D0010052E /* Products */ = {
			isa = PBXGroup;
			children = (
				4875F43622C6431D0010052E /* AnyThng.app */,
			);
			name = Products;
			sourceTree = "<group>";
		};
		4875F43822C6431D0010052E /* AnyThng */ = {
			isa = PBXGroup;
			children = (
				48DA180622C6BA8C007CE6A5 /* Views */,
				4875F44B22C643AF0010052E /* Cells */,
				4875F43922C6431D0010052E /* AppDelegate.swift */,
				4875F43B22C6431D0010052E /* ViewController.swift */,
				4875F46022C676FA0010052E /* DetailsVC.swift */,
				4875F43D22C6431D0010052E /* Main.storyboard */,
				4875F44022C6431E0010052E /* Assets.xcassets */,
				4875F44222C6431E0010052E /* LaunchScreen.storyboard */,
				4875F44522C6431E0010052E /* Info.plist */,
			);
			path = AnyThng;
			sourceTree = "<group>";
		};
		4875F44B22C643AF0010052E /* Cells */ = {
			isa = PBXGroup;
			children = (
				4875F45222C6444A0010052E /* CustomCell1.swift */,
				4875F45322C6444A0010052E /* CustomCell1.xib */,
				4875F45622C644B30010052E /* CustomCell2.swift */,
				4875F45722C644B30010052E /* CustomCell2.xib */,
				4875F45A22C655970010052E /* Constants.swift */,
				4875F45C22C657D90010052E /* FirstPersonCell.swift */,
				4875F45D22C657D90010052E /* FirstPersonCell.xib */,
			);
			path = Cells;
			sourceTree = "<group>";
		};
		48DA180622C6BA8C007CE6A5 /* Views */ = {
			isa = PBXGroup;
			children = (
				48DA180722C6BAB3007CE6A5 /* BottomMenu.swift */,
				48DA180922C6BAC2007CE6A5 /* BottomMenu.xib */,
				48DA180B22C6C091007CE6A5 /* CustomView.swift */,
			);
			path = Views;
			sourceTree = "<group>";
		};
/* End PBXGroup section */

/* Begin PBXNativeTarget section */
		4875F43522C6431D0010052E /* AnyThng */ = {
			isa = PBXNativeTarget;
			buildConfigurationList = 4875F44822C6431E0010052E /* Build configuration list for PBXNativeTarget "AnyThng" */;
			buildPhases = (
				4875F43222C6431D0010052E /* Sources */,
				4875F43322C6431D0010052E /* Frameworks */,
				4875F43422C6431D0010052E /* Resources */,
			);
			buildRules = (
			);
			dependencies = (
			);
			name = AnyThng;
			productName = AnyThng;
			productReference = 4875F43622C6431D0010052E /* AnyThng.app */;
			productType = "com.apple.product-type.application";
		};
/* End PBXNativeTarget section */

/* Begin PBXProject section */
		4875F42E22C6431D0010052E /* Project object */ = {
			isa = PBXProject;
			attributes = {
				LastSwiftUpdateCheck = 1020;
				LastUpgradeCheck = 1020;
				ORGANIZATIONNAME = "Yusuf Ali Cezik";
				TargetAttributes = {
					4875F43522C6431D0010052E = {
						CreatedOnToolsVersion = 10.2.1;
					};
				};
			};
			buildConfigurationList = 4875F43122C6431D0010052E /* Build configuration list for PBXProject "AnyThng" */;
			compatibilityVersion = "Xcode 9.3";
			developmentRegion = en;
			hasScannedForEncodings = 0;
			knownRegions = (
				en,
				Base,
			);
			mainGroup = 4875F42D22C6431D0010052E;
			productRefGroup = 4875F43722C6431D0010052E /* Products */;
			projectDirPath = "";
			projectRoot = "";
			targets = (
				4875F43522C6431D0010052E /* AnyThng */,
			);
		};
/* End PBXProject section */

/* Begin PBXResourcesBuildPhase section */
		4875F43422C6431D0010052E /* Resources */ = {
			isa = PBXResourcesBuildPhase;
			buildActionMask = 2147483647;
			files = (
				4875F45522C6444A0010052E /* CustomCell1.xib in Resources */,
				4875F45F22C657D90010052E /* FirstPersonCell.xib in Resources */,
				4875F44422C6431E0010052E /* LaunchScreen.storyboard in Resources */,
				4875F44122C6431E0010052E /* Assets.xcassets in Resources */,
				4875F43F22C6431D0010052E /* Main.storyboard in Resources */,
				48DA180A22C6BAC2007CE6A5 /* BottomMenu.xib in Resources */,
				4875F45922C644B30010052E /* CustomCell2.xib in Resources */,
			);
			runOnlyForDeploymentPostprocessing = 0;
		};
/* End PBXResourcesBuildPhase section */

/* Begin PBXSourcesBuildPhase section */
		4875F43222C6431D0010052E /* Sources */ = {
			isa = PBXSourcesBuildPhase;
			buildActionMask = 2147483647;
			files = (
				4875F45B22C655970010052E /* Constants.swift in Sources */,
				4875F45E22C657D90010052E /* FirstPersonCell.swift in Sources */,
				4875F45422C6444A0010052E /* CustomCell1.swift in Sources */,
				48DA180C22C6C091007CE6A5 /* CustomView.swift in Sources */,
				4875F45822C644B30010052E /* CustomCell2.swift in Sources */,
				4875F46122C676FA0010052E /* DetailsVC.swift in Sources */,
				48DA180822C6BAB3007CE6A5 /* BottomMenu.swift in Sources */,
				4875F43C22C6431D0010052E /* ViewController.swift in Sources */,
				4875F43A22C6431D0010052E /* AppDelegate.swift in Sources */,
			);
			runOnlyForDeploymentPostprocessing = 0;
		};
/* End PBXSourcesBuildPhase section */

/* Begin PBXVariantGroup section */
		4875F43D22C6431D0010052E /* Main.storyboard */ = {
			isa = PBXVariantGroup;
			children = (
				4875F43E22C6431D0010052E /* Base */,
			);
			name = Main.storyboard;
			sourceTree = "<group>";
		};
		4875F44222C6431E0010052E /* LaunchScreen.storyboard */ = {
			isa = PBXVariantGroup;
			children = (
				4875F44322C6431E0010052E /* Base */,
			);
			name = LaunchScreen.storyboard;
			sourceTree = "<group>";
		};
/* End PBXVariantGroup section */

/* Begin XCBuildConfiguration section */
		4875F44622C6431E0010052E /* Debug */ = {
			isa = XCBuildConfiguration;
			buildSettings = {
				ALWAYS_SEARCH_USER_PATHS = NO;
				CLANG_ANALYZER_NONNULL = YES;
				CLANG_ANALYZER_NUMBER_OBJECT_CONVERSION = YES_AGGRESSIVE;
				CLANG_CXX_LANGUAGE_STANDARD = "gnu++14";
				CLANG_CXX_LIBRARY = "libc++";
				CLANG_ENABLE_MODULES = YES;
				CLANG_ENABLE_OBJC_ARC = YES;
				CLANG_ENABLE_OBJC_WEAK = YES;
				CLANG_WARN_BLOCK_CAPTURE_AUTORELEASING = YES;
				CLANG_WARN_BOOL_CONVERSION = YES;
				CLANG_WARN_COMMA = YES;
				CLANG_WARN_CONSTANT_CONVERSION = YES;
				CLANG_WARN_DEPRECATED_OBJC_IMPLEMENTATIONS = YES;
				CLANG_WARN_DIRECT_OBJC_ISA_USAGE = YES_ERROR;
				CLANG_WARN_DOCUMENTATION_COMMENTS = YES;
				CLANG_WARN_EMPTY_BODY = YES;
				CLANG_WARN_ENUM_CONVERSION = YES;
				CLANG_WARN_INFINITE_RECURSION = YES;
				CLANG_WARN_INT_CONVERSION = YES;
				CLANG_WARN_NON_LITERAL_NULL_CONVERSION = YES;
				CLANG_WARN_OBJC_IMPLICIT_RETAIN_SELF = YES;
				CLANG_WARN_OBJC_LITERAL_CONVERSION = YES;
				CLANG_WARN_OBJC_ROOT_CLASS = YES_ERROR;
				CLANG_WARN_RANGE_LOOP_ANALYSIS = YES;
				CLANG_WARN_STRICT_PROTOTYPES = YES;
				CLANG_WARN_SUSPICIOUS_MOVE = YES;
				CLANG_WARN_UNGUARDED_AVAILABILITY = YES_AGGRESSIVE;
				CLANG_WARN_UNREACHABLE_CODE = YES;
				CLANG_WARN__DUPLICATE_METHOD_MATCH = YES;
				CODE_SIGN_IDENTITY = "iPhone Developer";
				COPY_PHASE_STRIP = NO;
				DEBUG_INFORMATION_FORMAT = dwarf;
				ENABLE_STRICT_OBJC_MSGSEND = YES;
				ENABLE_TESTABILITY = YES;
				GCC_C_LANGUAGE_STANDARD = gnu11;
				GCC_DYNAMIC_NO_PIC = NO;
				GCC_NO_COMMON_BLOCKS = YES;
				GCC_OPTIMIZATION_LEVEL = 0;
				GCC_PREPROCESSOR_DEFINITIONS = (
					"DEBUG=1",
					"$(inherited)",
				);
				GCC_WARN_64_TO_32_BIT_CONVERSION = YES;
				GCC_WARN_ABOUT_RETURN_TYPE = YES_ERROR;
				GCC_WARN_UNDECLARED_SELECTOR = YES;
				GCC_WARN_UNINITIALIZED_AUTOS = YES_AGGRESSIVE;
				GCC_WARN_UNUSED_FUNCTION = YES;
				GCC_WARN_UNUSED_VARIABLE = YES;
				IPHONEOS_DEPLOYMENT_TARGET = 12.2;
				MTL_ENABLE_DEBUG_INFO = INCLUDE_SOURCE;
				MTL_FAST_MATH = YES;
				ONLY_ACTIVE_ARCH = YES;
				SDKROOT = iphoneos;
				SWIFT_ACTIVE_COMPILATION_CONDITIONS = DEBUG;
				SWIFT_OPTIMIZATION_LEVEL = "-Onone";
			};
			name = Debug;
		};
		4875F44722C6431E0010052E /* Release */ = {
			isa = XCBuildConfiguration;
			buildSettings = {
				ALWAYS_SEARCH_USER_PATHS = NO;
				CLANG_ANALYZER_NONNULL = YES;
				CLANG_ANALYZER_NUMBER_OBJECT_CONVERSION = YES_AGGRESSIVE;
				CLANG_CXX_LANGUAGE_STANDARD = "gnu++14";
				CLANG_CXX_LIBRARY = "libc++";
				CLANG_ENABLE_MODULES = YES;
				CLANG_ENABLE_OBJC_ARC = YES;
				CLANG_ENABLE_OBJC_WEAK = YES;
				CLANG_WARN_BLOCK_CAPTURE_AUTORELEASING = YES;
				CLANG_WARN_BOOL_CONVERSION = YES;
				CLANG_WARN_COMMA = YES;
				CLANG_WARN_CONSTANT_CONVERSION = YES;
				CLANG_WARN_DEPRECATED_OBJC_IMPLEMENTATIONS = YES;
				CLANG_WARN_DIRECT_OBJC_ISA_USAGE = YES_ERROR;
				CLANG_WARN_DOCUMENTATION_COMMENTS = YES;
				CLANG_WARN_EMPTY_BODY = YES;
				CLANG_WARN_ENUM_CONVERSION = YES;
				CLANG_WARN_INFINITE_RECURSION = YES;
				CLANG_WARN_INT_CONVERSION = YES;
				CLANG_WARN_NON_LITERAL_NULL_CONVERSION = YES;
				CLANG_WARN_OBJC_IMPLICIT_RETAIN_SELF = YES;
				CLANG_WARN_OBJC_LITERAL_CONVERSION = YES;
				CLANG_WARN_OBJC_ROOT_CLASS = YES_ERROR;
				CLANG_WARN_RANGE_LOOP_ANALYSIS = YES;
				CLANG_WARN_STRICT_PROTOTYPES = YES;
				CLANG_WARN_SUSPICIOUS_MOVE = YES;
				CLANG_WARN_UNGUARDED_AVAILABILITY = YES_AGGRESSIVE;
				CLANG_WARN_UNREACHABLE_CODE = YES;
				CLANG_WARN__DUPLICATE_METHOD_MATCH = YES;
				CODE_SIGN_IDENTITY = "iPhone Developer";
				COPY_PHASE_STRIP = NO;
				DEBUG_INFORMATION_FORMAT = "dwarf-with-dsym";
				ENABLE_NS_ASSERTIONS = NO;
				ENABLE_STRICT_OBJC_MSGSEND = YES;
				GCC_C_LANGUAGE_STANDARD = gnu11;
				GCC_NO_COMMON_BLOCKS = YES;
				GCC_WARN_64_TO_32_BIT_CONVERSION = YES;
				GCC_WARN_ABOUT_RETURN_TYPE = YES_ERROR;
				GCC_WARN_UNDECLARED_SELECTOR = YES;
				GCC_WARN_UNINITIALIZED_AUTOS = YES_AGGRESSIVE;
				GCC_WARN_UNUSED_FUNCTION = YES;
				GCC_WARN_UNUSED_VARIABLE = YES;
				IPHONEOS_DEPLOYMENT_TARGET = 12.2;
				MTL_ENABLE_DEBUG_INFO = NO;
				MTL_FAST_MATH = YES;
				SDKROOT = iphoneos;
				SWIFT_COMPILATION_MODE = wholemodule;
				SWIFT_OPTIMIZATION_LEVEL = "-O";
				VALIDATE_PRODUCT = YES;
			};
			name = Release;
		};
		4875F44922C6431E0010052E /* Debug */ = {
			isa = XCBuildConfiguration;
			buildSettings = {
				ASSETCATALOG_COMPILER_APPICON_NAME = AppIcon;
				CODE_SIGN_STYLE = Automatic;
				DEVELOPMENT_TEAM = 8YH2HY6PT8;
				INFOPLIST_FILE = AnyThng/Info.plist;
				LD_RUNPATH_SEARCH_PATHS = (
					"$(inherited)",
					"@executable_path/Frameworks",
				);
				PRODUCT_BUNDLE_IDENTIFIER = com.yusufali.AnyThng;
				PRODUCT_NAME = "$(TARGET_NAME)";
				SWIFT_VERSION = 5.0;
				TARGETED_DEVICE_FAMILY = "1,2";
			};
			name = Debug;
		};
		4875F44A22C6431E0010052E /* Release */ = {
			isa = XCBuildConfiguration;
			buildSettings = {
				ASSETCATALOG_COMPILER_APPICON_NAME = AppIcon;
				CODE_SIGN_STYLE = Automatic;
				DEVELOPMENT_TEAM = 8YH2HY6PT8;
				INFOPLIST_FILE = AnyThng/Info.plist;
				LD_RUNPATH_SEARCH_PATHS = (
					"$(inherited)",
					"@executable_path/Frameworks",
				);
				PRODUCT_BUNDLE_IDENTIFIER = com.yusufali.AnyThng;
				PRODUCT_NAME = "$(TARGET_NAME)";
				SWIFT_VERSION = 5.0;
				TARGETED_DEVICE_FAMILY = "1,2";
			};
			name = Release;
		};
/* End XCBuildConfiguration section */

/* Begin XCConfigurationList section */
		4875F43122C6431D0010052E /* Build configuration list for PBXProject "AnyThng" */ = {
			isa = XCConfigurationList;
			buildConfigurations = (
				4875F44622C6431E0010052E /* Debug */,
				4875F44722C6431E0010052E /* Release */,
			);
			defaultConfigurationIsVisible = 0;
			defaultConfigurationName = Release;
		};
		4875F44822C6431E0010052E /* Build configuration list for PBXNativeTarget "AnyThng" */ = {
			isa = XCConfigurationList;
			buildConfigurations = (
				4875F44922C6431E0010052E /* Debug */,
				4875F44A22C6431E0010052E /* Release */,
			);
			defaultConfigurationIsVisible = 0;
			defaultConfigurationName = Release;
		};
/* End XCConfigurationList section */
	};
	rootObject = 4875F42E22C6431D0010052E /* Project object */;
}
