PODS:
  - SwipeableTabBarController (2.0.0)

DEPENDENCIES:
  - SwipeableTabBarController

SPEC REPOS:
  https://github.com/cocoapods/specs.git:
    - SwipeableTabBarController

SPEC CHECKSUMS:
  SwipeableTabBarController: 4706fcc25de25785c87a7d0b9ac63c056e79bda3

PODFILE CHECKSUM: a606eb968ac73334fdd2c12fe9c5774597cd67bf

COCOAPODS: 1.6.1
