// !$*UTF8*$!
{
	archiveVersion = 1;
	classes = {
	};
	objectVersion = 50;
	objects = {

/* Begin PBXBuildFile section */
		4877186722521F7A00145CD2 /* AppDelegate.swift in Sources */ = {isa = PBXBuildFile; fileRef = 4877186622521F7A00145CD2 /* AppDelegate.swift */; };
		4877186922521F7A00145CD2 /* ViewController.swift in Sources */ = {isa = PBXBuildFile; fileRef = 4877186822521F7A00145CD2 /* ViewController.swift */; };
		4877186C22521F7A00145CD2 /* Main.storyboard in Resources */ = {isa = PBXBuildFile; fileRef = 4877186A22521F7A00145CD2 /* Main.storyboard */; };
		4877186F22521F7A00145CD2 /* ParseClone.xcdatamodeld in Sources */ = {isa = PBXBuildFile; fileRef = 4877186D22521F7A00145CD2 /* ParseClone.xcdatamodeld */; };
		4877187122521F7D00145CD2 /* Assets.xcassets in Resources */ = {isa = PBXBuildFile; fileRef = 4877187022521F7D00145CD2 /* Assets.xcassets */; };
		4877187422521F7D00145CD2 /* LaunchScreen.storyboard in Resources */ = {isa = PBXBuildFile; fileRef = 4877187222521F7D00145CD2 /* LaunchScreen.storyboard */; };
		4877187F2252304400145CD2 /* LoginTextField.swift in Sources */ = {isa = PBXBuildFile; fileRef = 4877187E2252304400145CD2 /* LoginTextField.swift */; };
/* End PBXBuildFile section */

/* Begin PBXFileReference section */
		4877186322521F7A00145CD2 /* ParseClone.app */ = {isa = PBXFileReference; explicitFileType = wrapper.application; includeInIndex = 0; path = ParseClone.app; sourceTree = BUILT_PRODUCTS_DIR; };
		4877186622521F7A00145CD2 /* AppDelegate.swift */ = {isa = PBXFileReference; lastKnownFileType = sourcecode.swift; path = AppDelegate.swift; sourceTree = "<group>"; };
		4877186822521F7A00145CD2 /* ViewController.swift */ = {isa = PBXFileReference; lastKnownFileType = sourcecode.swift; path = ViewController.swift; sourceTree = "<group>"; };
		4877186B22521F7A00145CD2 /* Base */ = {isa = PBXFileReference; lastKnownFileType = file.storyboard; name = Base; path = Base.lproj/Main.storyboard; sourceTree = "<group>"; };
		4877186E22521F7A00145CD2 /* ParseClone.xcdatamodel */ = {isa = PBXFileReference; lastKnownFileType = wrapper.xcdatamodel; path = ParseClone.xcdatamodel; sourceTree = "<group>"; };
		4877187022521F7D00145CD2 /* Assets.xcassets */ = {isa = PBXFileReference; lastKnownFileType = folder.assetcatalog; path = Assets.xcassets; sourceTree = "<group>"; };
		4877187322521F7D00145CD2 /* Base */ = {isa = PBXFileReference; lastKnownFileType = file.storyboard; name = Base; path = Base.lproj/LaunchScreen.storyboard; sourceTree = "<group>"; };
		4877187522521F7D00145CD2 /* Info.plist */ = {isa = PBXFileReference; lastKnownFileType = text.plist.xml; path = Info.plist; sourceTree = "<group>"; };
		4877187E2252304400145CD2 /* LoginTextField.swift */ = {isa = PBXFileReference; lastKnownFileType = sourcecode.swift; path = LoginTextField.swift; sourceTree = "<group>"; };
/* End PBXFileReference section */

/* Begin PBXFrameworksBuildPhase section */
		4877186022521F7A00145CD2 /* Frameworks */ = {
			isa = PBXFrameworksBuildPhase;
			buildActionMask = 2147483647;
			files = (
			);
			runOnlyForDeploymentPostprocessing = 0;
		};
/* End PBXFrameworksBuildPhase section */

/* Begin PBXGroup section */
		4877185A22521F7900145CD2 = {
			isa = PBXGroup;
			children = (
				4877186522521F7A00145CD2 /* ParseClone */,
				4877186422521F7A00145CD2 /* Products */,
			);
			sourceTree = "<group>";
		};
		4877186422521F7A00145CD2 /* Products */ = {
			isa = PBXGroup;
			children = (
				4877186322521F7A00145CD2 /* ParseClone.app */,
			);
			name = Products;
			sourceTree = "<group>";
		};
		4877186522521F7A00145CD2 /* ParseClone */ = {
			isa = PBXGroup;
			children = (
				4877187D2252301A00145CD2 /* Controller */,
				4877187C2252301600145CD2 /* View */,
				4877187B2252300F00145CD2 /* Model */,
				4877186622521F7A00145CD2 /* AppDelegate.swift */,
				4877187022521F7D00145CD2 /* Assets.xcassets */,
				4877187222521F7D00145CD2 /* LaunchScreen.storyboard */,
				4877187522521F7D00145CD2 /* Info.plist */,
				4877186D22521F7A00145CD2 /* ParseClone.xcdatamodeld */,
			);
			path = ParseClone;
			sourceTree = "<group>";
		};
		4877187B2252300F00145CD2 /* Model */ = {
			isa = PBXGroup;
			children = (
			);
			path = Model;
			sourceTree = "<group>";
		};
		4877187C2252301600145CD2 /* View */ = {
			isa = PBXGroup;
			children = (
				487718802252365900145CD2 /* CustomComponents */,
				4877186A22521F7A00145CD2 /* Main.storyboard */,
			);
			path = View;
			sourceTree = "<group>";
		};
		4877187D2252301A00145CD2 /* Controller */ = {
			isa = PBXGroup;
			children = (
				4877186822521F7A00145CD2 /* ViewController.swift */,
			);
			path = Controller;
			sourceTree = "<group>";
		};
		487718802252365900145CD2 /* CustomComponents */ = {
			isa = PBXGroup;
			children = (
				4877187E2252304400145CD2 /* LoginTextField.swift */,
			);
			path = CustomComponents;
			sourceTree = "<group>";
		};
/* End PBXGroup section */

/* Begin PBXNativeTarget section */
		4877186222521F7A00145CD2 /* ParseClone */ = {
			isa = PBXNativeTarget;
			buildConfigurationList = 4877187822521F7D00145CD2 /* Build configuration list for PBXNativeTarget "ParseClone" */;
			buildPhases = (
				4877185F22521F7A00145CD2 /* Sources */,
				4877186022521F7A00145CD2 /* Frameworks */,
				4877186122521F7A00145CD2 /* Resources */,
			);
			buildRules = (
			);
			dependencies = (
			);
			name = ParseClone;
			productName = ParseClone;
			productReference = 4877186322521F7A00145CD2 /* ParseClone.app */;
			productType = "com.apple.product-type.application";
		};
/* End PBXNativeTarget section */

/* Begin PBXProject section */
		4877185B22521F7900145CD2 /* Project object */ = {
			isa = PBXProject;
			attributes = {
				LastSwiftUpdateCheck = 1010;
				LastUpgradeCheck = 1010;
				ORGANIZATIONNAME = "Yusuf ali cezik";
				TargetAttributes = {
					4877186222521F7A00145CD2 = {
						CreatedOnToolsVersion = 10.1;
					};
				};
			};
			buildConfigurationList = 4877185E22521F7900145CD2 /* Build configuration list for PBXProject "ParseClone" */;
			compatibilityVersion = "Xcode 9.3";
			developmentRegion = en;
			hasScannedForEncodings = 0;
			knownRegions = (
				en,
				Base,
			);
			mainGroup = 4877185A22521F7900145CD2;
			productRefGroup = 4877186422521F7A00145CD2 /* Products */;
			projectDirPath = "";
			projectRoot = "";
			targets = (
				4877186222521F7A00145CD2 /* ParseClone */,
			);
		};
/* End PBXProject section */

/* Begin PBXResourcesBuildPhase section */
		4877186122521F7A00145CD2 /* Resources */ = {
			isa = PBXResourcesBuildPhase;
			buildActionMask = 2147483647;
			files = (
				4877187422521F7D00145CD2 /* LaunchScreen.storyboard in Resources */,
				4877187122521F7D00145CD2 /* Assets.xcassets in Resources */,
				4877186C22521F7A00145CD2 /* Main.storyboard in Resources */,
			);
			runOnlyForDeploymentPostprocessing = 0;
		};
/* End PBXResourcesBuildPhase section */

/* Begin PBXSourcesBuildPhase section */
		4877185F22521F7A00145CD2 /* Sources */ = {
			isa = PBXSourcesBuildPhase;
			buildActionMask = 2147483647;
			files = (
				4877186922521F7A00145CD2 /* ViewController.swift in Sources */,
				4877187F2252304400145CD2 /* LoginTextField.swift in Sources */,
				4877186F22521F7A00145CD2 /* ParseClone.xcdatamodeld in Sources */,
				4877186722521F7A00145CD2 /* AppDelegate.swift in Sources */,
			);
			runOnlyForDeploymentPostprocessing = 0;
		};
/* End PBXSourcesBuildPhase section */

/* Begin PBXVariantGroup section */
		4877186A22521F7A00145CD2 /* Main.storyboard */ = {
			isa = PBXVariantGroup;
			children = (
				4877186B22521F7A00145CD2 /* Base */,
			);
			name = Main.storyboard;
			sourceTree = "<group>";
		};
		4877187222521F7D00145CD2 /* LaunchScreen.storyboard */ = {
			isa = PBXVariantGroup;
			children = (
				4877187322521F7D00145CD2 /* Base */,
			);
			name = LaunchScreen.storyboard;
			sourceTree = "<group>";
		};
/* End PBXVariantGroup section */

/* Begin XCBuildConfiguration section */
		4877187622521F7D00145CD2 /* Debug */ = {
			isa = XCBuildConfiguration;
			buildSettings = {
				ALWAYS_SEARCH_USER_PATHS = NO;
				CLANG_ANALYZER_NONNULL = YES;
				CLANG_ANALYZER_NUMBER_OBJECT_CONVERSION = YES_AGGRESSIVE;
				CLANG_CXX_LANGUAGE_STANDARD = "gnu++14";
				CLANG_CXX_LIBRARY = "libc++";
				CLANG_ENABLE_MODULES = YES;
				CLANG_ENABLE_OBJC_ARC = YES;
				CLANG_ENABLE_OBJC_WEAK = YES;
				CLANG_WARN_BLOCK_CAPTURE_AUTORELEASING = YES;
				CLANG_WARN_BOOL_CONVERSION = YES;
				CLANG_WARN_COMMA = YES;
				CLANG_WARN_CONSTANT_CONVERSION = YES;
				CLANG_WARN_DEPRECATED_OBJC_IMPLEMENTATIONS = YES;
				CLANG_WARN_DIRECT_OBJC_ISA_USAGE = YES_ERROR;
				CLANG_WARN_DOCUMENTATION_COMMENTS = YES;
				CLANG_WARN_EMPTY_BODY = YES;
				CLANG_WARN_ENUM_CONVERSION = YES;
				CLANG_WARN_INFINITE_RECURSION = YES;
				CLANG_WARN_INT_CONVERSION = YES;
				CLANG_WARN_NON_LITERAL_NULL_CONVERSION = YES;
				CLANG_WARN_OBJC_IMPLICIT_RETAIN_SELF = YES;
				CLANG_WARN_OBJC_LITERAL_CONVERSION = YES;
				CLANG_WARN_OBJC_ROOT_CLASS = YES_ERROR;
				CLANG_WARN_RANGE_LOOP_ANALYSIS = YES;
				CLANG_WARN_STRICT_PROTOTYPES = YES;
				CLANG_WARN_SUSPICIOUS_MOVE = YES;
				CLANG_WARN_UNGUARDED_AVAILABILITY = YES_AGGRESSIVE;
				CLANG_WARN_UNREACHABLE_CODE = YES;
				CLANG_WARN__DUPLICATE_METHOD_MATCH = YES;
				CODE_SIGN_IDENTITY = "iPhone Developer";
				COPY_PHASE_STRIP = NO;
				DEBUG_INFORMATION_FORMAT = dwarf;
				ENABLE_STRICT_OBJC_MSGSEND = YES;
				ENABLE_TESTABILITY = YES;
				GCC_C_LANGUAGE_STANDARD = gnu11;
				GCC_DYNAMIC_NO_PIC = NO;
				GCC_NO_COMMON_BLOCKS = YES;
				GCC_OPTIMIZATION_LEVEL = 0;
				GCC_PREPROCESSOR_DEFINITIONS = (
					"DEBUG=1",
					"$(inherited)",
				);
				GCC_WARN_64_TO_32_BIT_CONVERSION = YES;
				GCC_WARN_ABOUT_RETURN_TYPE = YES_ERROR;
				GCC_WARN_UNDECLARED_SELECTOR = YES;
				GCC_WARN_UNINITIALIZED_AUTOS = YES_AGGRESSIVE;
				GCC_WARN_UNUSED_FUNCTION = YES;
				GCC_WARN_UNUSED_VARIABLE = YES;
				IPHONEOS_DEPLOYMENT_TARGET = 12.1;
				MTL_ENABLE_DEBUG_INFO = INCLUDE_SOURCE;
				MTL_FAST_MATH = YES;
				ONLY_ACTIVE_ARCH = YES;
				SDKROOT = iphoneos;
				SWIFT_ACTIVE_COMPILATION_CONDITIONS = DEBUG;
				SWIFT_OPTIMIZATION_LEVEL = "-Onone";
			};
			name = Debug;
		};
		4877187722521F7D00145CD2 /* Release */ = {
			isa = XCBuildConfiguration;
			buildSettings = {
				ALWAYS_SEARCH_USER_PATHS = NO;
				CLANG_ANALYZER_NONNULL = YES;
				CLANG_ANALYZER_NUMBER_OBJECT_CONVERSION = YES_AGGRESSIVE;
				CLANG_CXX_LANGUAGE_STANDARD = "gnu++14";
				CLANG_CXX_LIBRARY = "libc++";
				CLANG_ENABLE_MODULES = YES;
				CLANG_ENABLE_OBJC_ARC = YES;
				CLANG_ENABLE_OBJC_WEAK = YES;
				CLANG_WARN_BLOCK_CAPTURE_AUTORELEASING = YES;
				CLANG_WARN_BOOL_CONVERSION = YES;
				CLANG_WARN_COMMA = YES;
				CLANG_WARN_CONSTANT_CONVERSION = YES;
				CLANG_WARN_DEPRECATED_OBJC_IMPLEMENTATIONS = YES;
				CLANG_WARN_DIRECT_OBJC_ISA_USAGE = YES_ERROR;
				CLANG_WARN_DOCUMENTATION_COMMENTS = YES;
				CLANG_WARN_EMPTY_BODY = YES;
				CLANG_WARN_ENUM_CONVERSION = YES;
				CLANG_WARN_INFINITE_RECURSION = YES;
				CLANG_WARN_INT_CONVERSION = YES;
				CLANG_WARN_NON_LITERAL_NULL_CONVERSION = YES;
				CLANG_WARN_OBJC_IMPLICIT_RETAIN_SELF = YES;
				CLANG_WARN_OBJC_LITERAL_CONVERSION = YES;
				CLANG_WARN_OBJC_ROOT_CLASS = YES_ERROR;
				CLANG_WARN_RANGE_LOOP_ANALYSIS = YES;
				CLANG_WARN_STRICT_PROTOTYPES = YES;
				CLANG_WARN_SUSPICIOUS_MOVE = YES;
				CLANG_WARN_UNGUARDED_AVAILABILITY = YES_AGGRESSIVE;
				CLANG_WARN_UNREACHABLE_CODE = YES;
				CLANG_WARN__DUPLICATE_METHOD_MATCH = YES;
				CODE_SIGN_IDENTITY = "iPhone Developer";
				COPY_PHASE_STRIP = NO;
				DEBUG_INFORMATION_FORMAT = "dwarf-with-dsym";
				ENABLE_NS_ASSERTIONS = NO;
				ENABLE_STRICT_OBJC_MSGSEND = YES;
				GCC_C_LANGUAGE_STANDARD = gnu11;
				GCC_NO_COMMON_BLOCKS = YES;
				GCC_WARN_64_TO_32_BIT_CONVERSION = YES;
				GCC_WARN_ABOUT_RETURN_TYPE = YES_ERROR;
				GCC_WARN_UNDECLARED_SELECTOR = YES;
				GCC_WARN_UNINITIALIZED_AUTOS = YES_AGGRESSIVE;
				GCC_WARN_UNUSED_FUNCTION = YES;
				GCC_WARN_UNUSED_VARIABLE = YES;
				IPHONEOS_DEPLOYMENT_TARGET = 12.1;
				MTL_ENABLE_DEBUG_INFO = NO;
				MTL_FAST_MATH = YES;
				SDKROOT = iphoneos;
				SWIFT_COMPILATION_MODE = wholemodule;
				SWIFT_OPTIMIZATION_LEVEL = "-O";
				VALIDATE_PRODUCT = YES;
			};
			name = Release;
		};
		4877187922521F7D00145CD2 /* Debug */ = {
			isa = XCBuildConfiguration;
			buildSettings = {
				ASSETCATALOG_COMPILER_APPICON_NAME = AppIcon;
				CODE_SIGN_STYLE = Automatic;
				INFOPLIST_FILE = ParseClone/Info.plist;
				LD_RUNPATH_SEARCH_PATHS = (
					"$(inherited)",
					"@executable_path/Frameworks",
				);
				PRODUCT_BUNDLE_IDENTIFIER = com.yusufali.ParseClone;
				PRODUCT_NAME = "$(TARGET_NAME)";
				SWIFT_VERSION = 4.2;
				TARGETED_DEVICE_FAMILY = "1,2";
			};
			name = Debug;
		};
		4877187A22521F7D00145CD2 /* Release */ = {
			isa = XCBuildConfiguration;
			buildSettings = {
				ASSETCATALOG_COMPILER_APPICON_NAME = AppIcon;
				CODE_SIGN_STYLE = Automatic;
				INFOPLIST_FILE = ParseClone/Info.plist;
				LD_RUNPATH_SEARCH_PATHS = (
					"$(inherited)",
					"@executable_path/Frameworks",
				);
				PRODUCT_BUNDLE_IDENTIFIER = com.yusufali.ParseClone;
				PRODUCT_NAME = "$(TARGET_NAME)";
				SWIFT_VERSION = 4.2;
				TARGETED_DEVICE_FAMILY = "1,2";
			};
			name = Release;
		};
/* End XCBuildConfiguration section */

/* Begin XCConfigurationList section */
		4877185E22521F7900145CD2 /* Build configuration list for PBXProject "ParseClone" */ = {
			isa = XCConfigurationList;
			buildConfigurations = (
				4877187622521F7D00145CD2 /* Debug */,
				4877187722521F7D00145CD2 /* Release */,
			);
			defaultConfigurationIsVisible = 0;
			defaultConfigurationName = Release;
		};
		4877187822521F7D00145CD2 /* Build configuration list for PBXNativeTarget "ParseClone" */ = {
			isa = XCConfigurationList;
			buildConfigurations = (
				4877187922521F7D00145CD2 /* Debug */,
				4877187A22521F7D00145CD2 /* Release */,
			);
			defaultConfigurationIsVisible = 0;
			defaultConfigurationName = Release;
		};
/* End XCConfigurationList section */

/* Begin XCVersionGroup section */
		4877186D22521F7A00145CD2 /* ParseClone.xcdatamodeld */ = {
			isa = XCVersionGroup;
			children = (
				4877186E22521F7A00145CD2 /* ParseClone.xcdatamodel */,
			);
			currentVersion = 4877186E22521F7A00145CD2 /* ParseClone.xcdatamodel */;
			path = ParseClone.xcdatamodeld;
			sourceTree = "<group>";
			versionGroupType = wrapper.xcdatamodel;
		};
/* End XCVersionGroup section */
	};
	rootObject = 4877185B22521F7900145CD2 /* Project object */;
}
