// !$*UTF8*$!
{
	archiveVersion = 1;
	classes = {
	};
	objectVersion = 50;
	objects = {

/* Begin PBXBuildFile section */
		48DA648522349E59003E2435 /* AppDelegate.swift in Sources */ = {isa = PBXBuildFile; fileRef = 48DA648422349E59003E2435 /* AppDelegate.swift */; };
		48DA648722349E59003E2435 /* ViewController.swift in Sources */ = {isa = PBXBuildFile; fileRef = 48DA648622349E59003E2435 /* ViewController.swift */; };
		48DA648A22349E59003E2435 /* Main.storyboard in Resources */ = {isa = PBXBuildFile; fileRef = 48DA648822349E59003E2435 /* Main.storyboard */; };
		48DA648C22349E5B003E2435 /* Assets.xcassets in Resources */ = {isa = PBXBuildFile; fileRef = 48DA648B22349E5B003E2435 /* Assets.xcassets */; };
		48DA648F22349E5B003E2435 /* LaunchScreen.storyboard in Resources */ = {isa = PBXBuildFile; fileRef = 48DA648D22349E5B003E2435 /* LaunchScreen.storyboard */; };
		48DA64972234A4A7003E2435 /* game.png in Resources */ = {isa = PBXBuildFile; fileRef = 48DA64962234A4A6003E2435 /* game.png */; };
		48DA64992234A946003E2435 /* SecondViewController.swift in Sources */ = {isa = PBXBuildFile; fileRef = 48DA64982234A946003E2435 /* SecondViewController.swift */; };
/* End PBXBuildFile section */

/* Begin PBXFileReference section */
		48DA648122349E59003E2435 /* TimerGestureAndAlert.app */ = {isa = PBXFileReference; explicitFileType = wrapper.application; includeInIndex = 0; path = TimerGestureAndAlert.app; sourceTree = BUILT_PRODUCTS_DIR; };
		48DA648422349E59003E2435 /* AppDelegate.swift */ = {isa = PBXFileReference; lastKnownFileType = sourcecode.swift; path = AppDelegate.swift; sourceTree = "<group>"; };
		48DA648622349E59003E2435 /* ViewController.swift */ = {isa = PBXFileReference; lastKnownFileType = sourcecode.swift; path = ViewController.swift; sourceTree = "<group>"; };
		48DA648922349E59003E2435 /* Base */ = {isa = PBXFileReference; lastKnownFileType = file.storyboard; name = Base; path = Base.lproj/Main.storyboard; sourceTree = "<group>"; };
		48DA648B22349E5B003E2435 /* Assets.xcassets */ = {isa = PBXFileReference; lastKnownFileType = folder.assetcatalog; path = Assets.xcassets; sourceTree = "<group>"; };
		48DA648E22349E5B003E2435 /* Base */ = {isa = PBXFileReference; lastKnownFileType = file.storyboard; name = Base; path = Base.lproj/LaunchScreen.storyboard; sourceTree = "<group>"; };
		48DA649022349E5B003E2435 /* Info.plist */ = {isa = PBXFileReference; lastKnownFileType = text.plist.xml; path = Info.plist; sourceTree = "<group>"; };
		48DA64962234A4A6003E2435 /* game.png */ = {isa = PBXFileReference; lastKnownFileType = image.png; name = game.png; path = ../../../Downloads/game.png; sourceTree = "<group>"; };
		48DA64982234A946003E2435 /* SecondViewController.swift */ = {isa = PBXFileReference; lastKnownFileType = sourcecode.swift; path = SecondViewController.swift; sourceTree = "<group>"; };
/* End PBXFileReference section */

/* Begin PBXFrameworksBuildPhase section */
		48DA647E22349E59003E2435 /* Frameworks */ = {
			isa = PBXFrameworksBuildPhase;
			buildActionMask = 2147483647;
			files = (
			);
			runOnlyForDeploymentPostprocessing = 0;
		};
/* End PBXFrameworksBuildPhase section */

/* Begin PBXGroup section */
		48DA647822349E59003E2435 = {
			isa = PBXGroup;
			children = (
				48DA648322349E59003E2435 /* TimerGestureAndAlert */,
				48DA648222349E59003E2435 /* Products */,
			);
			sourceTree = "<group>";
		};
		48DA648222349E59003E2435 /* Products */ = {
			isa = PBXGroup;
			children = (
				48DA648122349E59003E2435 /* TimerGestureAndAlert.app */,
			);
			name = Products;
			sourceTree = "<group>";
		};
		48DA648322349E59003E2435 /* TimerGestureAndAlert */ = {
			isa = PBXGroup;
			children = (
				48DA64962234A4A6003E2435 /* game.png */,
				48DA648422349E59003E2435 /* AppDelegate.swift */,
				48DA648622349E59003E2435 /* ViewController.swift */,
				48DA648822349E59003E2435 /* Main.storyboard */,
				48DA648B22349E5B003E2435 /* Assets.xcassets */,
				48DA648D22349E5B003E2435 /* LaunchScreen.storyboard */,
				48DA649022349E5B003E2435 /* Info.plist */,
				48DA64982234A946003E2435 /* SecondViewController.swift */,
			);
			path = TimerGestureAndAlert;
			sourceTree = "<group>";
		};
/* End PBXGroup section */

/* Begin PBXNativeTarget section */
		48DA648022349E59003E2435 /* TimerGestureAndAlert */ = {
			isa = PBXNativeTarget;
			buildConfigurationList = 48DA649322349E5B003E2435 /* Build configuration list for PBXNativeTarget "TimerGestureAndAlert" */;
			buildPhases = (
				48DA647D22349E59003E2435 /* Sources */,
				48DA647E22349E59003E2435 /* Frameworks */,
				48DA647F22349E59003E2435 /* Resources */,
			);
			buildRules = (
			);
			dependencies = (
			);
			name = TimerGestureAndAlert;
			productName = TimerGestureAndAlert;
			productReference = 48DA648122349E59003E2435 /* TimerGestureAndAlert.app */;
			productType = "com.apple.product-type.application";
		};
/* End PBXNativeTarget section */

/* Begin PBXProject section */
		48DA647922349E59003E2435 /* Project object */ = {
			isa = PBXProject;
			attributes = {
				LastSwiftUpdateCheck = 1010;
				LastUpgradeCheck = 1010;
				ORGANIZATIONNAME = "Yusuf ali cezik";
				TargetAttributes = {
					48DA648022349E59003E2435 = {
						CreatedOnToolsVersion = 10.1;
					};
				};
			};
			buildConfigurationList = 48DA647C22349E59003E2435 /* Build configuration list for PBXProject "TimerGestureAndAlert" */;
			compatibilityVersion = "Xcode 9.3";
			developmentRegion = en;
			hasScannedForEncodings = 0;
			knownRegions = (
				en,
				Base,
			);
			mainGroup = 48DA647822349E59003E2435;
			productRefGroup = 48DA648222349E59003E2435 /* Products */;
			projectDirPath = "";
			projectRoot = "";
			targets = (
				48DA648022349E59003E2435 /* TimerGestureAndAlert */,
			);
		};
/* End PBXProject section */

/* Begin PBXResourcesBuildPhase section */
		48DA647F22349E59003E2435 /* Resources */ = {
			isa = PBXResourcesBuildPhase;
			buildActionMask = 2147483647;
			files = (
				48DA648F22349E5B003E2435 /* LaunchScreen.storyboard in Resources */,
				48DA64972234A4A7003E2435 /* game.png in Resources */,
				48DA648C22349E5B003E2435 /* Assets.xcassets in Resources */,
				48DA648A22349E59003E2435 /* Main.storyboard in Resources */,
			);
			runOnlyForDeploymentPostprocessing = 0;
		};
/* End PBXResourcesBuildPhase section */

/* Begin PBXSourcesBuildPhase section */
		48DA647D22349E59003E2435 /* Sources */ = {
			isa = PBXSourcesBuildPhase;
			buildActionMask = 2147483647;
			files = (
				48DA64992234A946003E2435 /* SecondViewController.swift in Sources */,
				48DA648722349E59003E2435 /* ViewController.swift in Sources */,
				48DA648522349E59003E2435 /* AppDelegate.swift in Sources */,
			);
			runOnlyForDeploymentPostprocessing = 0;
		};
/* End PBXSourcesBuildPhase section */

/* Begin PBXVariantGroup section */
		48DA648822349E59003E2435 /* Main.storyboard */ = {
			isa = PBXVariantGroup;
			children = (
				48DA648922349E59003E2435 /* Base */,
			);
			name = Main.storyboard;
			sourceTree = "<group>";
		};
		48DA648D22349E5B003E2435 /* LaunchScreen.storyboard */ = {
			isa = PBXVariantGroup;
			children = (
				48DA648E22349E5B003E2435 /* Base */,
			);
			name = LaunchScreen.storyboard;
			sourceTree = "<group>";
		};
/* End PBXVariantGroup section */

/* Begin XCBuildConfiguration section */
		48DA649122349E5B003E2435 /* Debug */ = {
			isa = XCBuildConfiguration;
			buildSettings = {
				ALWAYS_SEARCH_USER_PATHS = NO;
				CLANG_ANALYZER_NONNULL = YES;
				CLANG_ANALYZER_NUMBER_OBJECT_CONVERSION = YES_AGGRESSIVE;
				CLANG_CXX_LANGUAGE_STANDARD = "gnu++14";
				CLANG_CXX_LIBRARY = "libc++";
				CLANG_ENABLE_MODULES = YES;
				CLANG_ENABLE_OBJC_ARC = YES;
				CLANG_ENABLE_OBJC_WEAK = YES;
				CLANG_WARN_BLOCK_CAPTURE_AUTORELEASING = YES;
				CLANG_WARN_BOOL_CONVERSION = YES;
				CLANG_WARN_COMMA = YES;
				CLANG_WARN_CONSTANT_CONVERSION = YES;
				CLANG_WARN_DEPRECATED_OBJC_IMPLEMENTATIONS = YES;
				CLANG_WARN_DIRECT_OBJC_ISA_USAGE = YES_ERROR;
				CLANG_WARN_DOCUMENTATION_COMMENTS = YES;
				CLANG_WARN_EMPTY_BODY = YES;
				CLANG_WARN_ENUM_CONVERSION = YES;
				CLANG_WARN_INFINITE_RECURSION = YES;
				CLANG_WARN_INT_CONVERSION = YES;
				CLANG_WARN_NON_LITERAL_NULL_CONVERSION = YES;
				CLANG_WARN_OBJC_IMPLICIT_RETAIN_SELF = YES;
				CLANG_WARN_OBJC_LITERAL_CONVERSION = YES;
				CLANG_WARN_OBJC_ROOT_CLASS = YES_ERROR;
				CLANG_WARN_RANGE_LOOP_ANALYSIS = YES;
				CLANG_WARN_STRICT_PROTOTYPES = YES;
				CLANG_WARN_SUSPICIOUS_MOVE = YES;
				CLANG_WARN_UNGUARDED_AVAILABILITY = YES_AGGRESSIVE;
				CLANG_WARN_UNREACHABLE_CODE = YES;
				CLANG_WARN__DUPLICATE_METHOD_MATCH = YES;
				CODE_SIGN_IDENTITY = "iPhone Developer";
				COPY_PHASE_STRIP = NO;
				DEBUG_INFORMATION_FORMAT = dwarf;
				ENABLE_STRICT_OBJC_MSGSEND = YES;
				ENABLE_TESTABILITY = YES;
				GCC_C_LANGUAGE_STANDARD = gnu11;
				GCC_DYNAMIC_NO_PIC = NO;
				GCC_NO_COMMON_BLOCKS = YES;
				GCC_OPTIMIZATION_LEVEL = 0;
				GCC_PREPROCESSOR_DEFINITIONS = (
					"DEBUG=1",
					"$(inherited)",
				);
				GCC_WARN_64_TO_32_BIT_CONVERSION = YES;
				GCC_WARN_ABOUT_RETURN_TYPE = YES_ERROR;
				GCC_WARN_UNDECLARED_SELECTOR = YES;
				GCC_WARN_UNINITIALIZED_AUTOS = YES_AGGRESSIVE;
				GCC_WARN_UNUSED_FUNCTION = YES;
				GCC_WARN_UNUSED_VARIABLE = YES;
				IPHONEOS_DEPLOYMENT_TARGET = 12.1;
				MTL_ENABLE_DEBUG_INFO = INCLUDE_SOURCE;
				MTL_FAST_MATH = YES;
				ONLY_ACTIVE_ARCH = YES;
				SDKROOT = iphoneos;
				SWIFT_ACTIVE_COMPILATION_CONDITIONS = DEBUG;
				SWIFT_OPTIMIZATION_LEVEL = "-Onone";
			};
			name = Debug;
		};
		48DA649222349E5B003E2435 /* Release */ = {
			isa = XCBuildConfiguration;
			buildSettings = {
				ALWAYS_SEARCH_USER_PATHS = NO;
				CLANG_ANALYZER_NONNULL = YES;
				CLANG_ANALYZER_NUMBER_OBJECT_CONVERSION = YES_AGGRESSIVE;
				CLANG_CXX_LANGUAGE_STANDARD = "gnu++14";
				CLANG_CXX_LIBRARY = "libc++";
				CLANG_ENABLE_MODULES = YES;
				CLANG_ENABLE_OBJC_ARC = YES;
				CLANG_ENABLE_OBJC_WEAK = YES;
				CLANG_WARN_BLOCK_CAPTURE_AUTORELEASING = YES;
				CLANG_WARN_BOOL_CONVERSION = YES;
				CLANG_WARN_COMMA = YES;
				CLANG_WARN_CONSTANT_CONVERSION = YES;
				CLANG_WARN_DEPRECATED_OBJC_IMPLEMENTATIONS = YES;
				CLANG_WARN_DIRECT_OBJC_ISA_USAGE = YES_ERROR;
				CLANG_WARN_DOCUMENTATION_COMMENTS = YES;
				CLANG_WARN_EMPTY_BODY = YES;
				CLANG_WARN_ENUM_CONVERSION = YES;
				CLANG_WARN_INFINITE_RECURSION = YES;
				CLANG_WARN_INT_CONVERSION = YES;
				CLANG_WARN_NON_LITERAL_NULL_CONVERSION = YES;
				CLANG_WARN_OBJC_IMPLICIT_RETAIN_SELF = YES;
				CLANG_WARN_OBJC_LITERAL_CONVERSION = YES;
				CLANG_WARN_OBJC_ROOT_CLASS = YES_ERROR;
				CLANG_WARN_RANGE_LOOP_ANALYSIS = YES;
				CLANG_WARN_STRICT_PROTOTYPES = YES;
				CLANG_WARN_SUSPICIOUS_MOVE = YES;
				CLANG_WARN_UNGUARDED_AVAILABILITY = YES_AGGRESSIVE;
				CLANG_WARN_UNREACHABLE_CODE = YES;
				CLANG_WARN__DUPLICATE_METHOD_MATCH = YES;
				CODE_SIGN_IDENTITY = "iPhone Developer";
				COPY_PHASE_STRIP = NO;
				DEBUG_INFORMATION_FORMAT = "dwarf-with-dsym";
				ENABLE_NS_ASSERTIONS = NO;
				ENABLE_STRICT_OBJC_MSGSEND = YES;
				GCC_C_LANGUAGE_STANDARD = gnu11;
				GCC_NO_COMMON_BLOCKS = YES;
				GCC_WARN_64_TO_32_BIT_CONVERSION = YES;
				GCC_WARN_ABOUT_RETURN_TYPE = YES_ERROR;
				GCC_WARN_UNDECLARED_SELECTOR = YES;
				GCC_WARN_UNINITIALIZED_AUTOS = YES_AGGRESSIVE;
				GCC_WARN_UNUSED_FUNCTION = YES;
				GCC_WARN_UNUSED_VARIABLE = YES;
				IPHONEOS_DEPLOYMENT_TARGET = 12.1;
				MTL_ENABLE_DEBUG_INFO = NO;
				MTL_FAST_MATH = YES;
				SDKROOT = iphoneos;
				SWIFT_COMPILATION_MODE = wholemodule;
				SWIFT_OPTIMIZATION_LEVEL = "-O";
				VALIDATE_PRODUCT = YES;
			};
			name = Release;
		};
		48DA649422349E5B003E2435 /* Debug */ = {
			isa = XCBuildConfiguration;
			buildSettings = {
				ASSETCATALOG_COMPILER_APPICON_NAME = AppIcon;
				CODE_SIGN_STYLE = Automatic;
				INFOPLIST_FILE = TimerGestureAndAlert/Info.plist;
				LD_RUNPATH_SEARCH_PATHS = (
					"$(inherited)",
					"@executable_path/Frameworks",
				);
				PRODUCT_BUNDLE_IDENTIFIER = com.yusufali.TimerGestureAndAlert;
				PRODUCT_NAME = "$(TARGET_NAME)";
				SWIFT_VERSION = 4.2;
				TARGETED_DEVICE_FAMILY = "1,2";
			};
			name = Debug;
		};
		48DA649522349E5B003E2435 /* Release */ = {
			isa = XCBuildConfiguration;
			buildSettings = {
				ASSETCATALOG_COMPILER_APPICON_NAME = AppIcon;
				CODE_SIGN_STYLE = Automatic;
				INFOPLIST_FILE = TimerGestureAndAlert/Info.plist;
				LD_RUNPATH_SEARCH_PATHS = (
					"$(inherited)",
					"@executable_path/Frameworks",
				);
				PRODUCT_BUNDLE_IDENTIFIER = com.yusufali.TimerGestureAndAlert;
				PRODUCT_NAME = "$(TARGET_NAME)";
				SWIFT_VERSION = 4.2;
				TARGETED_DEVICE_FAMILY = "1,2";
			};
			name = Release;
		};
/* End XCBuildConfiguration section */

/* Begin XCConfigurationList section */
		48DA647C22349E59003E2435 /* Build configuration list for PBXProject "TimerGestureAndAlert" */ = {
			isa = XCConfigurationList;
			buildConfigurations = (
				48DA649122349E5B003E2435 /* Debug */,
				48DA649222349E5B003E2435 /* Release */,
			);
			defaultConfigurationIsVisible = 0;
			defaultConfigurationName = Release;
		};
		48DA649322349E5B003E2435 /* Build configuration list for PBXNativeTarget "TimerGestureAndAlert" */ = {
			isa = XCConfigurationList;
			buildConfigurations = (
				48DA649422349E5B003E2435 /* Debug */,
				48DA649522349E5B003E2435 /* Release */,
			);
			defaultConfigurationIsVisible = 0;
			defaultConfigurationName = Release;
		};
/* End XCConfigurationList section */
	};
	rootObject = 48DA647922349E59003E2435 /* Project object */;
}
