// !$*UTF8*$!
{
	archiveVersion = 1;
	classes = {
	};
	objectVersion = 50;
	objects = {

/* Begin PBXBuildFile section */
		4899AA102277A73500131A9A /* GradientView.swift in Sources */ = {isa = PBXBuildFile; fileRef = 4899AA0F2277A73500131A9A /* GradientView.swift */; };
		4899AA132277C19800131A9A /* Constants.swift in Sources */ = {isa = PBXBuildFile; fileRef = 4899AA122277C19800131A9A /* Constants.swift */; };
		4899AA152277CDCD00131A9A /* LoginVC.swift in Sources */ = {isa = PBXBuildFile; fileRef = 4899AA142277CDCD00131A9A /* LoginVC.swift */; };
		4899AA172277D06F00131A9A /* CreateAccountVC.swift in Sources */ = {isa = PBXBuildFile; fileRef = 4899AA162277D06F00131A9A /* CreateAccountVC.swift */; };
		48A4AB572276729A001FF789 /* AppDelegate.swift in Sources */ = {isa = PBXBuildFile; fileRef = 48A4AB562276729A001FF789 /* AppDelegate.swift */; };
		48A4AB5C2276729A001FF789 /* Main.storyboard in Resources */ = {isa = PBXBuildFile; fileRef = 48A4AB5A2276729A001FF789 /* Main.storyboard */; };
		48A4AB5E2276729B001FF789 /* Assets.xcassets in Resources */ = {isa = PBXBuildFile; fileRef = 48A4AB5D2276729B001FF789 /* Assets.xcassets */; };
		48A4AB612276729B001FF789 /* LaunchScreen.storyboard in Resources */ = {isa = PBXBuildFile; fileRef = 48A4AB5F2276729B001FF789 /* LaunchScreen.storyboard */; };
		48A4AB7122768221001FF789 /* ChatVC.swift in Sources */ = {isa = PBXBuildFile; fileRef = 48A4AB7022768221001FF789 /* ChatVC.swift */; };
		48A4AB732276822F001FF789 /* ChannelVC.swift in Sources */ = {isa = PBXBuildFile; fileRef = 48A4AB722276822F001FF789 /* ChannelVC.swift */; };
		48A4AB7722768817001FF789 /* SWRevealViewController.m in Sources */ = {isa = PBXBuildFile; fileRef = 48A4AB7622768817001FF789 /* SWRevealViewController.m */; };
		D56FDF44C28DE9EADB0AE127 /* Pods_Smack.framework in Frameworks */ = {isa = PBXBuildFile; fileRef = 264546B986A48D6BAA22C7E2 /* Pods_Smack.framework */; };
/* End PBXBuildFile section */

/* Begin PBXFileReference section */
		06BB00C2D111BBEA4AED24EE /* Pods-Smack.release.xcconfig */ = {isa = PBXFileReference; includeInIndex = 1; lastKnownFileType = text.xcconfig; name = "Pods-Smack.release.xcconfig"; path = "Target Support Files/Pods-Smack/Pods-Smack.release.xcconfig"; sourceTree = "<group>"; };
		264546B986A48D6BAA22C7E2 /* Pods_Smack.framework */ = {isa = PBXFileReference; explicitFileType = wrapper.framework; includeInIndex = 0; path = Pods_Smack.framework; sourceTree = BUILT_PRODUCTS_DIR; };
		4899AA0F2277A73500131A9A /* GradientView.swift */ = {isa = PBXFileReference; lastKnownFileType = sourcecode.swift; path = GradientView.swift; sourceTree = "<group>"; };
		4899AA122277C19800131A9A /* Constants.swift */ = {isa = PBXFileReference; lastKnownFileType = sourcecode.swift; path = Constants.swift; sourceTree = "<group>"; };
		4899AA142277CDCD00131A9A /* LoginVC.swift */ = {isa = PBXFileReference; lastKnownFileType = sourcecode.swift; path = LoginVC.swift; sourceTree = "<group>"; };
		4899AA162277D06F00131A9A /* CreateAccountVC.swift */ = {isa = PBXFileReference; lastKnownFileType = sourcecode.swift; path = CreateAccountVC.swift; sourceTree = "<group>"; };
		48A4AB532276729A001FF789 /* Smack.app */ = {isa = PBXFileReference; explicitFileType = wrapper.application; includeInIndex = 0; path = Smack.app; sourceTree = BUILT_PRODUCTS_DIR; };
		48A4AB562276729A001FF789 /* AppDelegate.swift */ = {isa = PBXFileReference; lastKnownFileType = sourcecode.swift; path = AppDelegate.swift; sourceTree = "<group>"; };
		48A4AB5B2276729A001FF789 /* Base */ = {isa = PBXFileReference; lastKnownFileType = file.storyboard; name = Base; path = Base.lproj/Main.storyboard; sourceTree = "<group>"; };
		48A4AB5D2276729B001FF789 /* Assets.xcassets */ = {isa = PBXFileReference; lastKnownFileType = folder.assetcatalog; path = Assets.xcassets; sourceTree = "<group>"; };
		48A4AB602276729B001FF789 /* Base */ = {isa = PBXFileReference; lastKnownFileType = file.storyboard; name = Base; path = Base.lproj/LaunchScreen.storyboard; sourceTree = "<group>"; };
		48A4AB622276729B001FF789 /* Info.plist */ = {isa = PBXFileReference; lastKnownFileType = text.plist.xml; path = Info.plist; sourceTree = "<group>"; };
		48A4AB7022768221001FF789 /* ChatVC.swift */ = {isa = PBXFileReference; lastKnownFileType = sourcecode.swift; path = ChatVC.swift; sourceTree = "<group>"; };
		48A4AB722276822F001FF789 /* ChannelVC.swift */ = {isa = PBXFileReference; lastKnownFileType = sourcecode.swift; path = ChannelVC.swift; sourceTree = "<group>"; };
		48A4AB7422768815001FF789 /* Smack-Bridging-Header.h */ = {isa = PBXFileReference; lastKnownFileType = sourcecode.c.h; path = "Smack-Bridging-Header.h"; sourceTree = "<group>"; };
		48A4AB7522768816001FF789 /* SWRevealViewController.h */ = {isa = PBXFileReference; fileEncoding = 4; lastKnownFileType = sourcecode.c.h; path = SWRevealViewController.h; sourceTree = "<group>"; };
		48A4AB7622768817001FF789 /* SWRevealViewController.m */ = {isa = PBXFileReference; fileEncoding = 4; lastKnownFileType = sourcecode.c.objc; path = SWRevealViewController.m; sourceTree = "<group>"; };
		7DC490847A77226B1A5C8F93 /* Pods-Smack.debug.xcconfig */ = {isa = PBXFileReference; includeInIndex = 1; lastKnownFileType = text.xcconfig; name = "Pods-Smack.debug.xcconfig"; path = "Target Support Files/Pods-Smack/Pods-Smack.debug.xcconfig"; sourceTree = "<group>"; };
/* End PBXFileReference section */

/* Begin PBXFrameworksBuildPhase section */
		48A4AB502276729A001FF789 /* Frameworks */ = {
			isa = PBXFrameworksBuildPhase;
			buildActionMask = 2147483647;
			files = (
				D56FDF44C28DE9EADB0AE127 /* Pods_Smack.framework in Frameworks */,
			);
			runOnlyForDeploymentPostprocessing = 0;
		};
/* End PBXFrameworksBuildPhase section */

/* Begin PBXGroup section */
		4899AA112277C18700131A9A /* Utils */ = {
			isa = PBXGroup;
			children = (
				4899AA122277C19800131A9A /* Constants.swift */,
			);
			path = Utils;
			sourceTree = "<group>";
		};
		48A4AB4A2276729A001FF789 = {
			isa = PBXGroup;
			children = (
				48A4AB552276729A001FF789 /* Smack */,
				48A4AB542276729A001FF789 /* Products */,
				E62A92A95CDAE5C27F70BA18 /* Pods */,
				D8077A0D05A38200F5526C76 /* Frameworks */,
			);
			sourceTree = "<group>";
		};
		48A4AB542276729A001FF789 /* Products */ = {
			isa = PBXGroup;
			children = (
				48A4AB532276729A001FF789 /* Smack.app */,
			);
			name = Products;
			sourceTree = "<group>";
		};
		48A4AB552276729A001FF789 /* Smack */ = {
			isa = PBXGroup;
			children = (
				4899AA112277C18700131A9A /* Utils */,
				48A4AB6F227681FF001FF789 /* Model */,
				48A4AB6E227681FB001FF789 /* View */,
				48A4AB6D227681D7001FF789 /* Controller */,
				48A4AB6822767DE2001FF789 /* Supporting Files */,
				48A4AB562276729A001FF789 /* AppDelegate.swift */,
				48A4AB5A2276729A001FF789 /* Main.storyboard */,
				48A4AB5D2276729B001FF789 /* Assets.xcassets */,
				48A4AB5F2276729B001FF789 /* LaunchScreen.storyboard */,
				48A4AB622276729B001FF789 /* Info.plist */,
			);
			path = Smack;
			sourceTree = "<group>";
		};
		48A4AB6822767DE2001FF789 /* Supporting Files */ = {
			isa = PBXGroup;
			children = (
				48A4AB7522768816001FF789 /* SWRevealViewController.h */,
				48A4AB7622768817001FF789 /* SWRevealViewController.m */,
				48A4AB7422768815001FF789 /* Smack-Bridging-Header.h */,
			);
			path = "Supporting Files";
			sourceTree = "<group>";
		};
		48A4AB6D227681D7001FF789 /* Controller */ = {
			isa = PBXGroup;
			children = (
				48A4AB7022768221001FF789 /* ChatVC.swift */,
				48A4AB722276822F001FF789 /* ChannelVC.swift */,
				4899AA142277CDCD00131A9A /* LoginVC.swift */,
				4899AA162277D06F00131A9A /* CreateAccountVC.swift */,
			);
			path = Controller;
			sourceTree = "<group>";
		};
		48A4AB6E227681FB001FF789 /* View */ = {
			isa = PBXGroup;
			children = (
				4899AA0F2277A73500131A9A /* GradientView.swift */,
			);
			path = View;
			sourceTree = "<group>";
		};
		48A4AB6F227681FF001FF789 /* Model */ = {
			isa = PBXGroup;
			children = (
			);
			path = Model;
			sourceTree = "<group>";
		};
		D8077A0D05A38200F5526C76 /* Frameworks */ = {
			isa = PBXGroup;
			children = (
				264546B986A48D6BAA22C7E2 /* Pods_Smack.framework */,
			);
			name = Frameworks;
			sourceTree = "<group>";
		};
		E62A92A95CDAE5C27F70BA18 /* Pods */ = {
			isa = PBXGroup;
			children = (
				7DC490847A77226B1A5C8F93 /* Pods-Smack.debug.xcconfig */,
				06BB00C2D111BBEA4AED24EE /* Pods-Smack.release.xcconfig */,
			);
			path = Pods;
			sourceTree = "<group>";
		};
/* End PBXGroup section */

/* Begin PBXNativeTarget section */
		48A4AB522276729A001FF789 /* Smack */ = {
			isa = PBXNativeTarget;
			buildConfigurationList = 48A4AB652276729B001FF789 /* Build configuration list for PBXNativeTarget "Smack" */;
			buildPhases = (
				8AB9B0313E50A6B167558FBA /* [CP] Check Pods Manifest.lock */,
				48A4AB4F2276729A001FF789 /* Sources */,
				48A4AB502276729A001FF789 /* Frameworks */,
				48A4AB512276729A001FF789 /* Resources */,
				52144524FF066E5E81AC05AE /* [CP] Embed Pods Frameworks */,
			);
			buildRules = (
			);
			dependencies = (
			);
			name = Smack;
			productName = Smack;
			productReference = 48A4AB532276729A001FF789 /* Smack.app */;
			productType = "com.apple.product-type.application";
		};
/* End PBXNativeTarget section */

/* Begin PBXProject section */
		48A4AB4B2276729A001FF789 /* Project object */ = {
			isa = PBXProject;
			attributes = {
				LastSwiftUpdateCheck = 1020;
				LastUpgradeCheck = 1020;
				ORGANIZATIONNAME = "Yusuf Ali Cezik";
				TargetAttributes = {
					48A4AB522276729A001FF789 = {
						CreatedOnToolsVersion = 10.2;
						LastSwiftMigration = 1020;
					};
				};
			};
			buildConfigurationList = 48A4AB4E2276729A001FF789 /* Build configuration list for PBXProject "Smack" */;
			compatibilityVersion = "Xcode 9.3";
			developmentRegion = en;
			hasScannedForEncodings = 0;
			knownRegions = (
				en,
				Base,
			);
			mainGroup = 48A4AB4A2276729A001FF789;
			productRefGroup = 48A4AB542276729A001FF789 /* Products */;
			projectDirPath = "";
			projectRoot = "";
			targets = (
				48A4AB522276729A001FF789 /* Smack */,
			);
		};
/* End PBXProject section */

/* Begin PBXResourcesBuildPhase section */
		48A4AB512276729A001FF789 /* Resources */ = {
			isa = PBXResourcesBuildPhase;
			buildActionMask = 2147483647;
			files = (
				48A4AB612276729B001FF789 /* LaunchScreen.storyboard in Resources */,
				48A4AB5E2276729B001FF789 /* Assets.xcassets in Resources */,
				48A4AB5C2276729A001FF789 /* Main.storyboard in Resources */,
			);
			runOnlyForDeploymentPostprocessing = 0;
		};
/* End PBXResourcesBuildPhase section */

/* Begin PBXShellScriptBuildPhase section */
		52144524FF066E5E81AC05AE /* [CP] Embed Pods Frameworks */ = {
			isa = PBXShellScriptBuildPhase;
			buildActionMask = 2147483647;
			files = (
			);
			inputFileListPaths = (
			);
			inputPaths = (
				"${PODS_ROOT}/Target Support Files/Pods-Smack/Pods-Smack-frameworks.sh",
				"${BUILT_PRODUCTS_DIR}/Alamofire/Alamofire.framework",
				"${BUILT_PRODUCTS_DIR}/Socket.IO-Client-Swift/SocketIO.framework",
				"${BUILT_PRODUCTS_DIR}/Starscream/Starscream.framework",
				"${BUILT_PRODUCTS_DIR}/SwiftyJSON/SwiftyJSON.framework",
			);
			name = "[CP] Embed Pods Frameworks";
			outputFileListPaths = (
			);
			outputPaths = (
				"${TARGET_BUILD_DIR}/${FRAMEWORKS_FOLDER_PATH}/Alamofire.framework",
				"${TARGET_BUILD_DIR}/${FRAMEWORKS_FOLDER_PATH}/SocketIO.framework",
				"${TARGET_BUILD_DIR}/${FRAMEWORKS_FOLDER_PATH}/Starscream.framework",
				"${TARGET_BUILD_DIR}/${FRAMEWORKS_FOLDER_PATH}/SwiftyJSON.framework",
			);
			runOnlyForDeploymentPostprocessing = 0;
			shellPath = /bin/sh;
			shellScript = "\"${PODS_ROOT}/Target Support Files/Pods-Smack/Pods-Smack-frameworks.sh\"\n";
			showEnvVarsInLog = 0;
		};
		8AB9B0313E50A6B167558FBA /* [CP] Check Pods Manifest.lock */ = {
			isa = PBXShellScriptBuildPhase;
			buildActionMask = 2147483647;
			files = (
			);
			inputFileListPaths = (
			);
			inputPaths = (
				"${PODS_PODFILE_DIR_PATH}/Podfile.lock",
				"${PODS_ROOT}/Manifest.lock",
			);
			name = "[CP] Check Pods Manifest.lock";
			outputFileListPaths = (
			);
			outputPaths = (
				"$(DERIVED_FILE_DIR)/Pods-Smack-checkManifestLockResult.txt",
			);
			runOnlyForDeploymentPostprocessing = 0;
			shellPath = /bin/sh;
			shellScript = "diff \"${PODS_PODFILE_DIR_PATH}/Podfile.lock\" \"${PODS_ROOT}/Manifest.lock\" > /dev/null\nif [ $? != 0 ] ; then\n    # print error to STDERR\n    echo \"error: The sandbox is not in sync with the Podfile.lock. Run 'pod install' or update your CocoaPods installation.\" >&2\n    exit 1\nfi\n# This output is used by Xcode 'outputs' to avoid re-running this script phase.\necho \"SUCCESS\" > \"${SCRIPT_OUTPUT_FILE_0}\"\n";
			showEnvVarsInLog = 0;
		};
/* End PBXShellScriptBuildPhase section */

/* Begin PBXSourcesBuildPhase section */
		48A4AB4F2276729A001FF789 /* Sources */ = {
			isa = PBXSourcesBuildPhase;
			buildActionMask = 2147483647;
			files = (
				48A4AB732276822F001FF789 /* ChannelVC.swift in Sources */,
				48A4AB7122768221001FF789 /* ChatVC.swift in Sources */,
				4899AA172277D06F00131A9A /* CreateAccountVC.swift in Sources */,
				4899AA152277CDCD00131A9A /* LoginVC.swift in Sources */,
				4899AA102277A73500131A9A /* GradientView.swift in Sources */,
				4899AA132277C19800131A9A /* Constants.swift in Sources */,
				48A4AB572276729A001FF789 /* AppDelegate.swift in Sources */,
				48A4AB7722768817001FF789 /* SWRevealViewController.m in Sources */,
			);
			runOnlyForDeploymentPostprocessing = 0;
		};
/* End PBXSourcesBuildPhase section */

/* Begin PBXVariantGroup section */
		48A4AB5A2276729A001FF789 /* Main.storyboard */ = {
			isa = PBXVariantGroup;
			children = (
				48A4AB5B2276729A001FF789 /* Base */,
			);
			name = Main.storyboard;
			sourceTree = "<group>";
		};
		48A4AB5F2276729B001FF789 /* LaunchScreen.storyboard */ = {
			isa = PBXVariantGroup;
			children = (
				48A4AB602276729B001FF789 /* Base */,
			);
			name = LaunchScreen.storyboard;
			sourceTree = "<group>";
		};
/* End PBXVariantGroup section */

/* Begin XCBuildConfiguration section */
		48A4AB632276729B001FF789 /* Debug */ = {
			isa = XCBuildConfiguration;
			buildSettings = {
				ALWAYS_SEARCH_USER_PATHS = NO;
				CLANG_ANALYZER_NONNULL = YES;
				CLANG_ANALYZER_NUMBER_OBJECT_CONVERSION = YES_AGGRESSIVE;
				CLANG_CXX_LANGUAGE_STANDARD = "gnu++14";
				CLANG_CXX_LIBRARY = "libc++";
				CLANG_ENABLE_MODULES = YES;
				CLANG_ENABLE_OBJC_ARC = YES;
				CLANG_ENABLE_OBJC_WEAK = YES;
				CLANG_WARN_BLOCK_CAPTURE_AUTORELEASING = YES;
				CLANG_WARN_BOOL_CONVERSION = YES;
				CLANG_WARN_COMMA = YES;
				CLANG_WARN_CONSTANT_CONVERSION = YES;
				CLANG_WARN_DEPRECATED_OBJC_IMPLEMENTATIONS = YES;
				CLANG_WARN_DIRECT_OBJC_ISA_USAGE = YES_ERROR;
				CLANG_WARN_DOCUMENTATION_COMMENTS = YES;
				CLANG_WARN_EMPTY_BODY = YES;
				CLANG_WARN_ENUM_CONVERSION = YES;
				CLANG_WARN_INFINITE_RECURSION = YES;
				CLANG_WARN_INT_CONVERSION = YES;
				CLANG_WARN_NON_LITERAL_NULL_CONVERSION = YES;
				CLANG_WARN_OBJC_IMPLICIT_RETAIN_SELF = YES;
				CLANG_WARN_OBJC_LITERAL_CONVERSION = YES;
				CLANG_WARN_OBJC_ROOT_CLASS = YES_ERROR;
				CLANG_WARN_RANGE_LOOP_ANALYSIS = YES;
				CLANG_WARN_STRICT_PROTOTYPES = YES;
				CLANG_WARN_SUSPICIOUS_MOVE = YES;
				CLANG_WARN_UNGUARDED_AVAILABILITY = YES_AGGRESSIVE;
				CLANG_WARN_UNREACHABLE_CODE = YES;
				CLANG_WARN__DUPLICATE_METHOD_MATCH = YES;
				CODE_SIGN_IDENTITY = "iPhone Developer";
				COPY_PHASE_STRIP = NO;
				DEBUG_INFORMATION_FORMAT = dwarf;
				ENABLE_STRICT_OBJC_MSGSEND = YES;
				ENABLE_TESTABILITY = YES;
				GCC_C_LANGUAGE_STANDARD = gnu11;
				GCC_DYNAMIC_NO_PIC = NO;
				GCC_NO_COMMON_BLOCKS = YES;
				GCC_OPTIMIZATION_LEVEL = 0;
				GCC_PREPROCESSOR_DEFINITIONS = (
					"DEBUG=1",
					"$(inherited)",
				);
				GCC_WARN_64_TO_32_BIT_CONVERSION = YES;
				GCC_WARN_ABOUT_RETURN_TYPE = YES_ERROR;
				GCC_WARN_UNDECLARED_SELECTOR = YES;
				GCC_WARN_UNINITIALIZED_AUTOS = YES_AGGRESSIVE;
				GCC_WARN_UNUSED_FUNCTION = YES;
				GCC_WARN_UNUSED_VARIABLE = YES;
				IPHONEOS_DEPLOYMENT_TARGET = 12.2;
				MTL_ENABLE_DEBUG_INFO = INCLUDE_SOURCE;
				MTL_FAST_MATH = YES;
				ONLY_ACTIVE_ARCH = YES;
				SDKROOT = iphoneos;
				SWIFT_ACTIVE_COMPILATION_CONDITIONS = DEBUG;
				SWIFT_OPTIMIZATION_LEVEL = "-Onone";
			};
			name = Debug;
		};
		48A4AB642276729B001FF789 /* Release */ = {
			isa = XCBuildConfiguration;
			buildSettings = {
				ALWAYS_SEARCH_USER_PATHS = NO;
				CLANG_ANALYZER_NONNULL = YES;
				CLANG_ANALYZER_NUMBER_OBJECT_CONVERSION = YES_AGGRESSIVE;
				CLANG_CXX_LANGUAGE_STANDARD = "gnu++14";
				CLANG_CXX_LIBRARY = "libc++";
				CLANG_ENABLE_MODULES = YES;
				CLANG_ENABLE_OBJC_ARC = YES;
				CLANG_ENABLE_OBJC_WEAK = YES;
				CLANG_WARN_BLOCK_CAPTURE_AUTORELEASING = YES;
				CLANG_WARN_BOOL_CONVERSION = YES;
				CLANG_WARN_COMMA = YES;
				CLANG_WARN_CONSTANT_CONVERSION = YES;
				CLANG_WARN_DEPRECATED_OBJC_IMPLEMENTATIONS = YES;
				CLANG_WARN_DIRECT_OBJC_ISA_USAGE = YES_ERROR;
				CLANG_WARN_DOCUMENTATION_COMMENTS = YES;
				CLANG_WARN_EMPTY_BODY = YES;
				CLANG_WARN_ENUM_CONVERSION = YES;
				CLANG_WARN_INFINITE_RECURSION = YES;
				CLANG_WARN_INT_CONVERSION = YES;
				CLANG_WARN_NON_LITERAL_NULL_CONVERSION = YES;
				CLANG_WARN_OBJC_IMPLICIT_RETAIN_SELF = YES;
				CLANG_WARN_OBJC_LITERAL_CONVERSION = YES;
				CLANG_WARN_OBJC_ROOT_CLASS = YES_ERROR;
				CLANG_WARN_RANGE_LOOP_ANALYSIS = YES;
				CLANG_WARN_STRICT_PROTOTYPES = YES;
				CLANG_WARN_SUSPICIOUS_MOVE = YES;
				CLANG_WARN_UNGUARDED_AVAILABILITY = YES_AGGRESSIVE;
				CLANG_WARN_UNREACHABLE_CODE = YES;
				CLANG_WARN__DUPLICATE_METHOD_MATCH = YES;
				CODE_SIGN_IDENTITY = "iPhone Developer";
				COPY_PHASE_STRIP = NO;
				DEBUG_INFORMATION_FORMAT = "dwarf-with-dsym";
				ENABLE_NS_ASSERTIONS = NO;
				ENABLE_STRICT_OBJC_MSGSEND = YES;
				GCC_C_LANGUAGE_STANDARD = gnu11;
				GCC_NO_COMMON_BLOCKS = YES;
				GCC_WARN_64_TO_32_BIT_CONVERSION = YES;
				GCC_WARN_ABOUT_RETURN_TYPE = YES_ERROR;
				GCC_WARN_UNDECLARED_SELECTOR = YES;
				GCC_WARN_UNINITIALIZED_AUTOS = YES_AGGRESSIVE;
				GCC_WARN_UNUSED_FUNCTION = YES;
				GCC_WARN_UNUSED_VARIABLE = YES;
				IPHONEOS_DEPLOYMENT_TARGET = 12.2;
				MTL_ENABLE_DEBUG_INFO = NO;
				MTL_FAST_MATH = YES;
				SDKROOT = iphoneos;
				SWIFT_COMPILATION_MODE = wholemodule;
				SWIFT_OPTIMIZATION_LEVEL = "-O";
				VALIDATE_PRODUCT = YES;
			};
			name = Release;
		};
		48A4AB662276729B001FF789 /* Debug */ = {
			isa = XCBuildConfiguration;
			baseConfigurationReference = 7DC490847A77226B1A5C8F93 /* Pods-Smack.debug.xcconfig */;
			buildSettings = {
				ASSETCATALOG_COMPILER_APPICON_NAME = AppIcon;
				CLANG_ENABLE_MODULES = YES;
				CODE_SIGN_STYLE = Automatic;
				DEVELOPMENT_TEAM = 8YH2HY6PT8;
				INFOPLIST_FILE = Smack/Info.plist;
				LD_RUNPATH_SEARCH_PATHS = (
					"$(inherited)",
					"@executable_path/Frameworks",
				);
				PRODUCT_BUNDLE_IDENTIFIER = com.yusufali.Smack;
				PRODUCT_NAME = "$(TARGET_NAME)";
				SWIFT_OBJC_BRIDGING_HEADER = "Smack/Supporting Files/Smack-Bridging-Header.h";
				SWIFT_OPTIMIZATION_LEVEL = "-Onone";
				SWIFT_VERSION = 5.0;
				TARGETED_DEVICE_FAMILY = "1,2";
			};
			name = Debug;
		};
		48A4AB672276729B001FF789 /* Release */ = {
			isa = XCBuildConfiguration;
			baseConfigurationReference = 06BB00C2D111BBEA4AED24EE /* Pods-Smack.release.xcconfig */;
			buildSettings = {
				ASSETCATALOG_COMPILER_APPICON_NAME = AppIcon;
				CLANG_ENABLE_MODULES = YES;
				CODE_SIGN_STYLE = Automatic;
				DEVELOPMENT_TEAM = 8YH2HY6PT8;
				INFOPLIST_FILE = Smack/Info.plist;
				LD_RUNPATH_SEARCH_PATHS = (
					"$(inherited)",
					"@executable_path/Frameworks",
				);
				PRODUCT_BUNDLE_IDENTIFIER = com.yusufali.Smack;
				PRODUCT_NAME = "$(TARGET_NAME)";
				SWIFT_OBJC_BRIDGING_HEADER = "Smack/Supporting Files/Smack-Bridging-Header.h";
				SWIFT_VERSION = 5.0;
				TARGETED_DEVICE_FAMILY = "1,2";
			};
			name = Release;
		};
/* End XCBuildConfiguration section */

/* Begin XCConfigurationList section */
		48A4AB4E2276729A001FF789 /* Build configuration list for PBXProject "Smack" */ = {
			isa = XCConfigurationList;
			buildConfigurations = (
				48A4AB632276729B001FF789 /* Debug */,
				48A4AB642276729B001FF789 /* Release */,
			);
			defaultConfigurationIsVisible = 0;
			defaultConfigurationName = Release;
		};
		48A4AB652276729B001FF789 /* Build configuration list for PBXNativeTarget "Smack" */ = {
			isa = XCConfigurationList;
			buildConfigurations = (
				48A4AB662276729B001FF789 /* Debug */,
				48A4AB672276729B001FF789 /* Release */,
			);
			defaultConfigurationIsVisible = 0;
			defaultConfigurationName = Release;
		};
/* End XCConfigurationList section */
	};
	rootObject = 48A4AB4B2276729A001FF789 /* Project object */;
}
