// !$*UTF8*$!
{
	archiveVersion = 1;
	classes = {
	};
	objectVersion = 50;
	objects = {

/* Begin PBXBuildFile section */
		4832BF2722371C0F00FC7D25 /* AppDelegate.swift in Sources */ = {isa = PBXBuildFile; fileRef = 4832BF2622371C0F00FC7D25 /* AppDelegate.swift */; };
		4832BF2922371C0F00FC7D25 /* ViewController.swift in Sources */ = {isa = PBXBuildFile; fileRef = 4832BF2822371C0F00FC7D25 /* ViewController.swift */; };
		4832BF2C22371C0F00FC7D25 /* Main.storyboard in Resources */ = {isa = PBXBuildFile; fileRef = 4832BF2A22371C0F00FC7D25 /* Main.storyboard */; };
		4832BF2F22371C1000FC7D25 /* Database.xcdatamodeld in Sources */ = {isa = PBXBuildFile; fileRef = 4832BF2D22371C1000FC7D25 /* Database.xcdatamodeld */; };
		4832BF3122371C1100FC7D25 /* Assets.xcassets in Resources */ = {isa = PBXBuildFile; fileRef = 4832BF3022371C1100FC7D25 /* Assets.xcassets */; };
		4832BF3422371C1100FC7D25 /* LaunchScreen.storyboard in Resources */ = {isa = PBXBuildFile; fileRef = 4832BF3222371C1100FC7D25 /* LaunchScreen.storyboard */; };
		4832BF3C223726F900FC7D25 /* DetailsVC.swift in Sources */ = {isa = PBXBuildFile; fileRef = 4832BF3B223726F900FC7D25 /* DetailsVC.swift */; };
		4832BF3E22372CA700FC7D25 /* resimsec.png in Resources */ = {isa = PBXBuildFile; fileRef = 4832BF3D22372CA700FC7D25 /* resimsec.png */; };
/* End PBXBuildFile section */

/* Begin PBXFileReference section */
		4832BF2322371C0F00FC7D25 /* Database.app */ = {isa = PBXFileReference; explicitFileType = wrapper.application; includeInIndex = 0; path = Database.app; sourceTree = BUILT_PRODUCTS_DIR; };
		4832BF2622371C0F00FC7D25 /* AppDelegate.swift */ = {isa = PBXFileReference; lastKnownFileType = sourcecode.swift; path = AppDelegate.swift; sourceTree = "<group>"; };
		4832BF2822371C0F00FC7D25 /* ViewController.swift */ = {isa = PBXFileReference; lastKnownFileType = sourcecode.swift; path = ViewController.swift; sourceTree = "<group>"; };
		4832BF2B22371C0F00FC7D25 /* Base */ = {isa = PBXFileReference; lastKnownFileType = file.storyboard; name = Base; path = Base.lproj/Main.storyboard; sourceTree = "<group>"; };
		4832BF2E22371C1000FC7D25 /* Database.xcdatamodel */ = {isa = PBXFileReference; lastKnownFileType = wrapper.xcdatamodel; path = Database.xcdatamodel; sourceTree = "<group>"; };
		4832BF3022371C1100FC7D25 /* Assets.xcassets */ = {isa = PBXFileReference; lastKnownFileType = folder.assetcatalog; path = Assets.xcassets; sourceTree = "<group>"; };
		4832BF3322371C1100FC7D25 /* Base */ = {isa = PBXFileReference; lastKnownFileType = file.storyboard; name = Base; path = Base.lproj/LaunchScreen.storyboard; sourceTree = "<group>"; };
		4832BF3522371C1100FC7D25 /* Info.plist */ = {isa = PBXFileReference; lastKnownFileType = text.plist.xml; path = Info.plist; sourceTree = "<group>"; };
		4832BF3B223726F900FC7D25 /* DetailsVC.swift */ = {isa = PBXFileReference; lastKnownFileType = sourcecode.swift; path = DetailsVC.swift; sourceTree = "<group>"; };
		4832BF3D22372CA700FC7D25 /* resimsec.png */ = {isa = PBXFileReference; lastKnownFileType = image.png; name = resimsec.png; path = ../../../Desktop/resimsec.png; sourceTree = "<group>"; };
/* End PBXFileReference section */

/* Begin PBXFrameworksBuildPhase section */
		4832BF2022371C0F00FC7D25 /* Frameworks */ = {
			isa = PBXFrameworksBuildPhase;
			buildActionMask = 2147483647;
			files = (
			);
			runOnlyForDeploymentPostprocessing = 0;
		};
/* End PBXFrameworksBuildPhase section */

/* Begin PBXGroup section */
		4832BF1A22371C0F00FC7D25 = {
			isa = PBXGroup;
			children = (
				4832BF2522371C0F00FC7D25 /* Database */,
				4832BF2422371C0F00FC7D25 /* Products */,
			);
			sourceTree = "<group>";
		};
		4832BF2422371C0F00FC7D25 /* Products */ = {
			isa = PBXGroup;
			children = (
				4832BF2322371C0F00FC7D25 /* Database.app */,
			);
			name = Products;
			sourceTree = "<group>";
		};
		4832BF2522371C0F00FC7D25 /* Database */ = {
			isa = PBXGroup;
			children = (
				4832BF3D22372CA700FC7D25 /* resimsec.png */,
				4832BF2622371C0F00FC7D25 /* AppDelegate.swift */,
				4832BF2822371C0F00FC7D25 /* ViewController.swift */,
				4832BF3B223726F900FC7D25 /* DetailsVC.swift */,
				4832BF2A22371C0F00FC7D25 /* Main.storyboard */,
				4832BF3022371C1100FC7D25 /* Assets.xcassets */,
				4832BF3222371C1100FC7D25 /* LaunchScreen.storyboard */,
				4832BF3522371C1100FC7D25 /* Info.plist */,
				4832BF2D22371C1000FC7D25 /* Database.xcdatamodeld */,
			);
			path = Database;
			sourceTree = "<group>";
		};
/* End PBXGroup section */

/* Begin PBXNativeTarget section */
		4832BF2222371C0F00FC7D25 /* Database */ = {
			isa = PBXNativeTarget;
			buildConfigurationList = 4832BF3822371C1100FC7D25 /* Build configuration list for PBXNativeTarget "Database" */;
			buildPhases = (
				4832BF1F22371C0F00FC7D25 /* Sources */,
				4832BF2022371C0F00FC7D25 /* Frameworks */,
				4832BF2122371C0F00FC7D25 /* Resources */,
			);
			buildRules = (
			);
			dependencies = (
			);
			name = Database;
			productName = Database;
			productReference = 4832BF2322371C0F00FC7D25 /* Database.app */;
			productType = "com.apple.product-type.application";
		};
/* End PBXNativeTarget section */

/* Begin PBXProject section */
		4832BF1B22371C0F00FC7D25 /* Project object */ = {
			isa = PBXProject;
			attributes = {
				LastSwiftUpdateCheck = 1010;
				LastUpgradeCheck = 1010;
				ORGANIZATIONNAME = "Yusuf ali cezik";
				TargetAttributes = {
					4832BF2222371C0F00FC7D25 = {
						CreatedOnToolsVersion = 10.1;
					};
				};
			};
			buildConfigurationList = 4832BF1E22371C0F00FC7D25 /* Build configuration list for PBXProject "Database" */;
			compatibilityVersion = "Xcode 9.3";
			developmentRegion = en;
			hasScannedForEncodings = 0;
			knownRegions = (
				en,
				Base,
			);
			mainGroup = 4832BF1A22371C0F00FC7D25;
			productRefGroup = 4832BF2422371C0F00FC7D25 /* Products */;
			projectDirPath = "";
			projectRoot = "";
			targets = (
				4832BF2222371C0F00FC7D25 /* Database */,
			);
		};
/* End PBXProject section */

/* Begin PBXResourcesBuildPhase section */
		4832BF2122371C0F00FC7D25 /* Resources */ = {
			isa = PBXResourcesBuildPhase;
			buildActionMask = 2147483647;
			files = (
				4832BF3422371C1100FC7D25 /* LaunchScreen.storyboard in Resources */,
				4832BF3122371C1100FC7D25 /* Assets.xcassets in Resources */,
				4832BF3E22372CA700FC7D25 /* resimsec.png in Resources */,
				4832BF2C22371C0F00FC7D25 /* Main.storyboard in Resources */,
			);
			runOnlyForDeploymentPostprocessing = 0;
		};
/* End PBXResourcesBuildPhase section */

/* Begin PBXSourcesBuildPhase section */
		4832BF1F22371C0F00FC7D25 /* Sources */ = {
			isa = PBXSourcesBuildPhase;
			buildActionMask = 2147483647;
			files = (
				4832BF2922371C0F00FC7D25 /* ViewController.swift in Sources */,
				4832BF3C223726F900FC7D25 /* DetailsVC.swift in Sources */,
				4832BF2F22371C1000FC7D25 /* Database.xcdatamodeld in Sources */,
				4832BF2722371C0F00FC7D25 /* AppDelegate.swift in Sources */,
			);
			runOnlyForDeploymentPostprocessing = 0;
		};
/* End PBXSourcesBuildPhase section */

/* Begin PBXVariantGroup section */
		4832BF2A22371C0F00FC7D25 /* Main.storyboard */ = {
			isa = PBXVariantGroup;
			children = (
				4832BF2B22371C0F00FC7D25 /* Base */,
			);
			name = Main.storyboard;
			sourceTree = "<group>";
		};
		4832BF3222371C1100FC7D25 /* LaunchScreen.storyboard */ = {
			isa = PBXVariantGroup;
			children = (
				4832BF3322371C1100FC7D25 /* Base */,
			);
			name = LaunchScreen.storyboard;
			sourceTree = "<group>";
		};
/* End PBXVariantGroup section */

/* Begin XCBuildConfiguration section */
		4832BF3622371C1100FC7D25 /* Debug */ = {
			isa = XCBuildConfiguration;
			buildSettings = {
				ALWAYS_SEARCH_USER_PATHS = NO;
				CLANG_ANALYZER_NONNULL = YES;
				CLANG_ANALYZER_NUMBER_OBJECT_CONVERSION = YES_AGGRESSIVE;
				CLANG_CXX_LANGUAGE_STANDARD = "gnu++14";
				CLANG_CXX_LIBRARY = "libc++";
				CLANG_ENABLE_MODULES = YES;
				CLANG_ENABLE_OBJC_ARC = YES;
				CLANG_ENABLE_OBJC_WEAK = YES;
				CLANG_WARN_BLOCK_CAPTURE_AUTORELEASING = YES;
				CLANG_WARN_BOOL_CONVERSION = YES;
				CLANG_WARN_COMMA = YES;
				CLANG_WARN_CONSTANT_CONVERSION = YES;
				CLANG_WARN_DEPRECATED_OBJC_IMPLEMENTATIONS = YES;
				CLANG_WARN_DIRECT_OBJC_ISA_USAGE = YES_ERROR;
				CLANG_WARN_DOCUMENTATION_COMMENTS = YES;
				CLANG_WARN_EMPTY_BODY = YES;
				CLANG_WARN_ENUM_CONVERSION = YES;
				CLANG_WARN_INFINITE_RECURSION = YES;
				CLANG_WARN_INT_CONVERSION = YES;
				CLANG_WARN_NON_LITERAL_NULL_CONVERSION = YES;
				CLANG_WARN_OBJC_IMPLICIT_RETAIN_SELF = YES;
				CLANG_WARN_OBJC_LITERAL_CONVERSION = YES;
				CLANG_WARN_OBJC_ROOT_CLASS = YES_ERROR;
				CLANG_WARN_RANGE_LOOP_ANALYSIS = YES;
				CLANG_WARN_STRICT_PROTOTYPES = YES;
				CLANG_WARN_SUSPICIOUS_MOVE = YES;
				CLANG_WARN_UNGUARDED_AVAILABILITY = YES_AGGRESSIVE;
				CLANG_WARN_UNREACHABLE_CODE = YES;
				CLANG_WARN__DUPLICATE_METHOD_MATCH = YES;
				CODE_SIGN_IDENTITY = "iPhone Developer";
				COPY_PHASE_STRIP = NO;
				DEBUG_INFORMATION_FORMAT = dwarf;
				ENABLE_STRICT_OBJC_MSGSEND = YES;
				ENABLE_TESTABILITY = YES;
				GCC_C_LANGUAGE_STANDARD = gnu11;
				GCC_DYNAMIC_NO_PIC = NO;
				GCC_NO_COMMON_BLOCKS = YES;
				GCC_OPTIMIZATION_LEVEL = 0;
				GCC_PREPROCESSOR_DEFINITIONS = (
					"DEBUG=1",
					"$(inherited)",
				);
				GCC_WARN_64_TO_32_BIT_CONVERSION = YES;
				GCC_WARN_ABOUT_RETURN_TYPE = YES_ERROR;
				GCC_WARN_UNDECLARED_SELECTOR = YES;
				GCC_WARN_UNINITIALIZED_AUTOS = YES_AGGRESSIVE;
				GCC_WARN_UNUSED_FUNCTION = YES;
				GCC_WARN_UNUSED_VARIABLE = YES;
				IPHONEOS_DEPLOYMENT_TARGET = 12.1;
				MTL_ENABLE_DEBUG_INFO = INCLUDE_SOURCE;
				MTL_FAST_MATH = YES;
				ONLY_ACTIVE_ARCH = YES;
				SDKROOT = iphoneos;
				SWIFT_ACTIVE_COMPILATION_CONDITIONS = DEBUG;
				SWIFT_OPTIMIZATION_LEVEL = "-Onone";
			};
			name = Debug;
		};
		4832BF3722371C1100FC7D25 /* Release */ = {
			isa = XCBuildConfiguration;
			buildSettings = {
				ALWAYS_SEARCH_USER_PATHS = NO;
				CLANG_ANALYZER_NONNULL = YES;
				CLANG_ANALYZER_NUMBER_OBJECT_CONVERSION = YES_AGGRESSIVE;
				CLANG_CXX_LANGUAGE_STANDARD = "gnu++14";
				CLANG_CXX_LIBRARY = "libc++";
				CLANG_ENABLE_MODULES = YES;
				CLANG_ENABLE_OBJC_ARC = YES;
				CLANG_ENABLE_OBJC_WEAK = YES;
				CLANG_WARN_BLOCK_CAPTURE_AUTORELEASING = YES;
				CLANG_WARN_BOOL_CONVERSION = YES;
				CLANG_WARN_COMMA = YES;
				CLANG_WARN_CONSTANT_CONVERSION = YES;
				CLANG_WARN_DEPRECATED_OBJC_IMPLEMENTATIONS = YES;
				CLANG_WARN_DIRECT_OBJC_ISA_USAGE = YES_ERROR;
				CLANG_WARN_DOCUMENTATION_COMMENTS = YES;
				CLANG_WARN_EMPTY_BODY = YES;
				CLANG_WARN_ENUM_CONVERSION = YES;
				CLANG_WARN_INFINITE_RECURSION = YES;
				CLANG_WARN_INT_CONVERSION = YES;
				CLANG_WARN_NON_LITERAL_NULL_CONVERSION = YES;
				CLANG_WARN_OBJC_IMPLICIT_RETAIN_SELF = YES;
				CLANG_WARN_OBJC_LITERAL_CONVERSION = YES;
				CLANG_WARN_OBJC_ROOT_CLASS = YES_ERROR;
				CLANG_WARN_RANGE_LOOP_ANALYSIS = YES;
				CLANG_WARN_STRICT_PROTOTYPES = YES;
				CLANG_WARN_SUSPICIOUS_MOVE = YES;
				CLANG_WARN_UNGUARDED_AVAILABILITY = YES_AGGRESSIVE;
				CLANG_WARN_UNREACHABLE_CODE = YES;
				CLANG_WARN__DUPLICATE_METHOD_MATCH = YES;
				CODE_SIGN_IDENTITY = "iPhone Developer";
				COPY_PHASE_STRIP = NO;
				DEBUG_INFORMATION_FORMAT = "dwarf-with-dsym";
				ENABLE_NS_ASSERTIONS = NO;
				ENABLE_STRICT_OBJC_MSGSEND = YES;
				GCC_C_LANGUAGE_STANDARD = gnu11;
				GCC_NO_COMMON_BLOCKS = YES;
				GCC_WARN_64_TO_32_BIT_CONVERSION = YES;
				GCC_WARN_ABOUT_RETURN_TYPE = YES_ERROR;
				GCC_WARN_UNDECLARED_SELECTOR = YES;
				GCC_WARN_UNINITIALIZED_AUTOS = YES_AGGRESSIVE;
				GCC_WARN_UNUSED_FUNCTION = YES;
				GCC_WARN_UNUSED_VARIABLE = YES;
				IPHONEOS_DEPLOYMENT_TARGET = 12.1;
				MTL_ENABLE_DEBUG_INFO = NO;
				MTL_FAST_MATH = YES;
				SDKROOT = iphoneos;
				SWIFT_COMPILATION_MODE = wholemodule;
				SWIFT_OPTIMIZATION_LEVEL = "-O";
				VALIDATE_PRODUCT = YES;
			};
			name = Release;
		};
		4832BF3922371C1100FC7D25 /* Debug */ = {
			isa = XCBuildConfiguration;
			buildSettings = {
				ASSETCATALOG_COMPILER_APPICON_NAME = AppIcon;
				CODE_SIGN_STYLE = Automatic;
				INFOPLIST_FILE = Database/Info.plist;
				LD_RUNPATH_SEARCH_PATHS = (
					"$(inherited)",
					"@executable_path/Frameworks",
				);
				PRODUCT_BUNDLE_IDENTIFIER = com.yusufali.Database;
				PRODUCT_NAME = "$(TARGET_NAME)";
				SWIFT_VERSION = 4.2;
				TARGETED_DEVICE_FAMILY = "1,2";
			};
			name = Debug;
		};
		4832BF3A22371C1100FC7D25 /* Release */ = {
			isa = XCBuildConfiguration;
			buildSettings = {
				ASSETCATALOG_COMPILER_APPICON_NAME = AppIcon;
				CODE_SIGN_STYLE = Automatic;
				INFOPLIST_FILE = Database/Info.plist;
				LD_RUNPATH_SEARCH_PATHS = (
					"$(inherited)",
					"@executable_path/Frameworks",
				);
				PRODUCT_BUNDLE_IDENTIFIER = com.yusufali.Database;
				PRODUCT_NAME = "$(TARGET_NAME)";
				SWIFT_VERSION = 4.2;
				TARGETED_DEVICE_FAMILY = "1,2";
			};
			name = Release;
		};
/* End XCBuildConfiguration section */

/* Begin XCConfigurationList section */
		4832BF1E22371C0F00FC7D25 /* Build configuration list for PBXProject "Database" */ = {
			isa = XCConfigurationList;
			buildConfigurations = (
				4832BF3622371C1100FC7D25 /* Debug */,
				4832BF3722371C1100FC7D25 /* Release */,
			);
			defaultConfigurationIsVisible = 0;
			defaultConfigurationName = Release;
		};
		4832BF3822371C1100FC7D25 /* Build configuration list for PBXNativeTarget "Database" */ = {
			isa = XCConfigurationList;
			buildConfigurations = (
				4832BF3922371C1100FC7D25 /* Debug */,
				4832BF3A22371C1100FC7D25 /* Release */,
			);
			defaultConfigurationIsVisible = 0;
			defaultConfigurationName = Release;
		};
/* End XCConfigurationList section */

/* Begin XCVersionGroup section */
		4832BF2D22371C1000FC7D25 /* Database.xcdatamodeld */ = {
			isa = XCVersionGroup;
			children = (
				4832BF2E22371C1000FC7D25 /* Database.xcdatamodel */,
			);
			currentVersion = 4832BF2E22371C1000FC7D25 /* Database.xcdatamodel */;
			path = Database.xcdatamodeld;
			sourceTree = "<group>";
			versionGroupType = wrapper.xcdatamodel;
		};
/* End XCVersionGroup section */
	};
	rootObject = 4832BF1B22371C0F00FC7D25 /* Project object */;
}
