// !$*UTF8*$!
{
	archiveVersion = 1;
	classes = {
	};
	objectVersion = 50;
	objects = {

/* Begin PBXBuildFile section */
		480778F12264D76500248C0A /* AppDelegate.swift in Sources */ = {isa = PBXBuildFile; fileRef = 480778F02264D76500248C0A /* AppDelegate.swift */; };
		480778F32264D76500248C0A /* ViewController.swift in Sources */ = {isa = PBXBuildFile; fileRef = 480778F22264D76500248C0A /* ViewController.swift */; };
		480778F62264D76500248C0A /* Main.storyboard in Resources */ = {isa = PBXBuildFile; fileRef = 480778F42264D76500248C0A /* Main.storyboard */; };
		480778F82264D76600248C0A /* Assets.xcassets in Resources */ = {isa = PBXBuildFile; fileRef = 480778F72264D76600248C0A /* Assets.xcassets */; };
		480778FB2264D76600248C0A /* LaunchScreen.storyboard in Resources */ = {isa = PBXBuildFile; fileRef = 480778F92264D76600248C0A /* LaunchScreen.storyboard */; };
		480779082264DB5A00248C0A /* CustomPopupStoryboard.storyboard in Resources */ = {isa = PBXBuildFile; fileRef = 480779072264DB5A00248C0A /* CustomPopupStoryboard.storyboard */; };
		4807790A2264DB7F00248C0A /* CustomPopupViewController.swift in Sources */ = {isa = PBXBuildFile; fileRef = 480779092264DB7F00248C0A /* CustomPopupViewController.swift */; };
		4807790D2264E0E400248C0A /* PopupDataDelegate.swift in Sources */ = {isa = PBXBuildFile; fileRef = 4807790C2264E0E400248C0A /* PopupDataDelegate.swift */; };
		48E185322266A1DC00EEC694 /* myColor.xcassets in Resources */ = {isa = PBXBuildFile; fileRef = 48E185312266A1DC00EEC694 /* myColor.xcassets */; };
/* End PBXBuildFile section */

/* Begin PBXFileReference section */
		480778ED2264D76500248C0A /* CustomPopup.app */ = {isa = PBXFileReference; explicitFileType = wrapper.application; includeInIndex = 0; path = CustomPopup.app; sourceTree = BUILT_PRODUCTS_DIR; };
		480778F02264D76500248C0A /* AppDelegate.swift */ = {isa = PBXFileReference; lastKnownFileType = sourcecode.swift; path = AppDelegate.swift; sourceTree = "<group>"; };
		480778F22264D76500248C0A /* ViewController.swift */ = {isa = PBXFileReference; lastKnownFileType = sourcecode.swift; path = ViewController.swift; sourceTree = "<group>"; };
		480778F52264D76500248C0A /* Base */ = {isa = PBXFileReference; lastKnownFileType = file.storyboard; name = Base; path = Base.lproj/Main.storyboard; sourceTree = "<group>"; };
		480778F72264D76600248C0A /* Assets.xcassets */ = {isa = PBXFileReference; lastKnownFileType = folder.assetcatalog; path = Assets.xcassets; sourceTree = "<group>"; };
		480778FA2264D76600248C0A /* Base */ = {isa = PBXFileReference; lastKnownFileType = file.storyboard; name = Base; path = Base.lproj/LaunchScreen.storyboard; sourceTree = "<group>"; };
		480778FC2264D76600248C0A /* Info.plist */ = {isa = PBXFileReference; lastKnownFileType = text.plist.xml; path = Info.plist; sourceTree = "<group>"; };
		480779072264DB5A00248C0A /* CustomPopupStoryboard.storyboard */ = {isa = PBXFileReference; lastKnownFileType = file.storyboard; path = CustomPopupStoryboard.storyboard; sourceTree = "<group>"; };
		480779092264DB7F00248C0A /* CustomPopupViewController.swift */ = {isa = PBXFileReference; lastKnownFileType = sourcecode.swift; path = CustomPopupViewController.swift; sourceTree = "<group>"; };
		4807790C2264E0E400248C0A /* PopupDataDelegate.swift */ = {isa = PBXFileReference; lastKnownFileType = sourcecode.swift; path = PopupDataDelegate.swift; sourceTree = "<group>"; };
		48D5857922657C6000D4BF8D /* tr */ = {isa = PBXFileReference; lastKnownFileType = text.plist.strings; name = tr; path = tr.lproj/Main.strings; sourceTree = "<group>"; };
		48D5857A22657C6000D4BF8D /* tr */ = {isa = PBXFileReference; lastKnownFileType = text.plist.strings; name = tr; path = tr.lproj/LaunchScreen.strings; sourceTree = "<group>"; };
		48E185312266A1DC00EEC694 /* myColor.xcassets */ = {isa = PBXFileReference; lastKnownFileType = folder.assetcatalog; path = myColor.xcassets; sourceTree = "<group>"; };
/* End PBXFileReference section */

/* Begin PBXFrameworksBuildPhase section */
		480778EA2264D76500248C0A /* Frameworks */ = {
			isa = PBXFrameworksBuildPhase;
			buildActionMask = 2147483647;
			files = (
			);
			runOnlyForDeploymentPostprocessing = 0;
		};
/* End PBXFrameworksBuildPhase section */

/* Begin PBXGroup section */
		480778E42264D76500248C0A = {
			isa = PBXGroup;
			children = (
				480778EF2264D76500248C0A /* CustomPopup */,
				480778EE2264D76500248C0A /* Products */,
			);
			sourceTree = "<group>";
		};
		480778EE2264D76500248C0A /* Products */ = {
			isa = PBXGroup;
			children = (
				480778ED2264D76500248C0A /* CustomPopup.app */,
			);
			name = Products;
			sourceTree = "<group>";
		};
		480778EF2264D76500248C0A /* CustomPopup */ = {
			isa = PBXGroup;
			children = (
				4807790B2264E0D900248C0A /* Protocols */,
				480779062264DB3D00248C0A /* CustomPopup */,
				480778F02264D76500248C0A /* AppDelegate.swift */,
				480778F22264D76500248C0A /* ViewController.swift */,
				480778F42264D76500248C0A /* Main.storyboard */,
				480778F72264D76600248C0A /* Assets.xcassets */,
				480778F92264D76600248C0A /* LaunchScreen.storyboard */,
				480778FC2264D76600248C0A /* Info.plist */,
				48E185312266A1DC00EEC694 /* myColor.xcassets */,
			);
			path = CustomPopup;
			sourceTree = "<group>";
		};
		480779062264DB3D00248C0A /* CustomPopup */ = {
			isa = PBXGroup;
			children = (
				480779072264DB5A00248C0A /* CustomPopupStoryboard.storyboard */,
				480779092264DB7F00248C0A /* CustomPopupViewController.swift */,
			);
			path = CustomPopup;
			sourceTree = "<group>";
		};
		4807790B2264E0D900248C0A /* Protocols */ = {
			isa = PBXGroup;
			children = (
				4807790C2264E0E400248C0A /* PopupDataDelegate.swift */,
			);
			path = Protocols;
			sourceTree = "<group>";
		};
/* End PBXGroup section */

/* Begin PBXNativeTarget section */
		480778EC2264D76500248C0A /* CustomPopup */ = {
			isa = PBXNativeTarget;
			buildConfigurationList = 480778FF2264D76600248C0A /* Build configuration list for PBXNativeTarget "CustomPopup" */;
			buildPhases = (
				480778E92264D76500248C0A /* Sources */,
				480778EA2264D76500248C0A /* Frameworks */,
				480778EB2264D76500248C0A /* Resources */,
			);
			buildRules = (
			);
			dependencies = (
			);
			name = CustomPopup;
			productName = CustomPopup;
			productReference = 480778ED2264D76500248C0A /* CustomPopup.app */;
			productType = "com.apple.product-type.application";
		};
/* End PBXNativeTarget section */

/* Begin PBXProject section */
		480778E52264D76500248C0A /* Project object */ = {
			isa = PBXProject;
			attributes = {
				LastSwiftUpdateCheck = 1020;
				LastUpgradeCheck = 1020;
				ORGANIZATIONNAME = "Yusuf Ali Cezik";
				TargetAttributes = {
					480778EC2264D76500248C0A = {
						CreatedOnToolsVersion = 10.2;
					};
				};
			};
			buildConfigurationList = 480778E82264D76500248C0A /* Build configuration list for PBXProject "CustomPopup" */;
			compatibilityVersion = "Xcode 9.3";
			developmentRegion = en;
			hasScannedForEncodings = 0;
			knownRegions = (
				en,
				Base,
				tr,
			);
			mainGroup = 480778E42264D76500248C0A;
			productRefGroup = 480778EE2264D76500248C0A /* Products */;
			projectDirPath = "";
			projectRoot = "";
			targets = (
				480778EC2264D76500248C0A /* CustomPopup */,
			);
		};
/* End PBXProject section */

/* Begin PBXResourcesBuildPhase section */
		480778EB2264D76500248C0A /* Resources */ = {
			isa = PBXResourcesBuildPhase;
			buildActionMask = 2147483647;
			files = (
				480778FB2264D76600248C0A /* LaunchScreen.storyboard in Resources */,
				480778F82264D76600248C0A /* Assets.xcassets in Resources */,
				48E185322266A1DC00EEC694 /* myColor.xcassets in Resources */,
				480779082264DB5A00248C0A /* CustomPopupStoryboard.storyboard in Resources */,
				480778F62264D76500248C0A /* Main.storyboard in Resources */,
			);
			runOnlyForDeploymentPostprocessing = 0;
		};
/* End PBXResourcesBuildPhase section */

/* Begin PBXSourcesBuildPhase section */
		480778E92264D76500248C0A /* Sources */ = {
			isa = PBXSourcesBuildPhase;
			buildActionMask = 2147483647;
			files = (
				4807790A2264DB7F00248C0A /* CustomPopupViewController.swift in Sources */,
				4807790D2264E0E400248C0A /* PopupDataDelegate.swift in Sources */,
				480778F32264D76500248C0A /* ViewController.swift in Sources */,
				480778F12264D76500248C0A /* AppDelegate.swift in Sources */,
			);
			runOnlyForDeploymentPostprocessing = 0;
		};
/* End PBXSourcesBuildPhase section */

/* Begin PBXVariantGroup section */
		480778F42264D76500248C0A /* Main.storyboard */ = {
			isa = PBXVariantGroup;
			children = (
				480778F52264D76500248C0A /* Base */,
				48D5857922657C6000D4BF8D /* tr */,
			);
			name = Main.storyboard;
			sourceTree = "<group>";
		};
		480778F92264D76600248C0A /* LaunchScreen.storyboard */ = {
			isa = PBXVariantGroup;
			children = (
				480778FA2264D76600248C0A /* Base */,
				48D5857A22657C6000D4BF8D /* tr */,
			);
			name = LaunchScreen.storyboard;
			sourceTree = "<group>";
		};
/* End PBXVariantGroup section */

/* Begin XCBuildConfiguration section */
		480778FD2264D76600248C0A /* Debug */ = {
			isa = XCBuildConfiguration;
			buildSettings = {
				ALWAYS_SEARCH_USER_PATHS = NO;
				CLANG_ANALYZER_LOCALIZABILITY_NONLOCALIZED = YES;
				CLANG_ANALYZER_NONNULL = YES;
				CLANG_ANALYZER_NUMBER_OBJECT_CONVERSION = YES_AGGRESSIVE;
				CLANG_CXX_LANGUAGE_STANDARD = "gnu++14";
				CLANG_CXX_LIBRARY = "libc++";
				CLANG_ENABLE_MODULES = YES;
				CLANG_ENABLE_OBJC_ARC = YES;
				CLANG_ENABLE_OBJC_WEAK = YES;
				CLANG_WARN_BLOCK_CAPTURE_AUTORELEASING = YES;
				CLANG_WARN_BOOL_CONVERSION = YES;
				CLANG_WARN_COMMA = YES;
				CLANG_WARN_CONSTANT_CONVERSION = YES;
				CLANG_WARN_DEPRECATED_OBJC_IMPLEMENTATIONS = YES;
				CLANG_WARN_DIRECT_OBJC_ISA_USAGE = YES_ERROR;
				CLANG_WARN_DOCUMENTATION_COMMENTS = YES;
				CLANG_WARN_EMPTY_BODY = YES;
				CLANG_WARN_ENUM_CONVERSION = YES;
				CLANG_WARN_INFINITE_RECURSION = YES;
				CLANG_WARN_INT_CONVERSION = YES;
				CLANG_WARN_NON_LITERAL_NULL_CONVERSION = YES;
				CLANG_WARN_OBJC_IMPLICIT_RETAIN_SELF = YES;
				CLANG_WARN_OBJC_LITERAL_CONVERSION = YES;
				CLANG_WARN_OBJC_ROOT_CLASS = YES_ERROR;
				CLANG_WARN_RANGE_LOOP_ANALYSIS = YES;
				CLANG_WARN_STRICT_PROTOTYPES = YES;
				CLANG_WARN_SUSPICIOUS_MOVE = YES;
				CLANG_WARN_UNGUARDED_AVAILABILITY = YES_AGGRESSIVE;
				CLANG_WARN_UNREACHABLE_CODE = YES;
				CLANG_WARN__DUPLICATE_METHOD_MATCH = YES;
				CODE_SIGN_IDENTITY = "iPhone Developer";
				COPY_PHASE_STRIP = NO;
				DEBUG_INFORMATION_FORMAT = dwarf;
				ENABLE_STRICT_OBJC_MSGSEND = YES;
				ENABLE_TESTABILITY = YES;
				GCC_C_LANGUAGE_STANDARD = gnu11;
				GCC_DYNAMIC_NO_PIC = NO;
				GCC_NO_COMMON_BLOCKS = YES;
				GCC_OPTIMIZATION_LEVEL = 0;
				GCC_PREPROCESSOR_DEFINITIONS = (
					"DEBUG=1",
					"$(inherited)",
				);
				GCC_WARN_64_TO_32_BIT_CONVERSION = YES;
				GCC_WARN_ABOUT_RETURN_TYPE = YES_ERROR;
				GCC_WARN_UNDECLARED_SELECTOR = YES;
				GCC_WARN_UNINITIALIZED_AUTOS = YES_AGGRESSIVE;
				GCC_WARN_UNUSED_FUNCTION = YES;
				GCC_WARN_UNUSED_VARIABLE = YES;
				IPHONEOS_DEPLOYMENT_TARGET = 12.2;
				MTL_ENABLE_DEBUG_INFO = INCLUDE_SOURCE;
				MTL_FAST_MATH = YES;
				ONLY_ACTIVE_ARCH = YES;
				SDKROOT = iphoneos;
				SWIFT_ACTIVE_COMPILATION_CONDITIONS = DEBUG;
				SWIFT_OPTIMIZATION_LEVEL = "-Onone";
			};
			name = Debug;
		};
		480778FE2264D76600248C0A /* Release */ = {
			isa = XCBuildConfiguration;
			buildSettings = {
				ALWAYS_SEARCH_USER_PATHS = NO;
				CLANG_ANALYZER_LOCALIZABILITY_NONLOCALIZED = YES;
				CLANG_ANALYZER_NONNULL = YES;
				CLANG_ANALYZER_NUMBER_OBJECT_CONVERSION = YES_AGGRESSIVE;
				CLANG_CXX_LANGUAGE_STANDARD = "gnu++14";
				CLANG_CXX_LIBRARY = "libc++";
				CLANG_ENABLE_MODULES = YES;
				CLANG_ENABLE_OBJC_ARC = YES;
				CLANG_ENABLE_OBJC_WEAK = YES;
				CLANG_WARN_BLOCK_CAPTURE_AUTORELEASING = YES;
				CLANG_WARN_BOOL_CONVERSION = YES;
				CLANG_WARN_COMMA = YES;
				CLANG_WARN_CONSTANT_CONVERSION = YES;
				CLANG_WARN_DEPRECATED_OBJC_IMPLEMENTATIONS = YES;
				CLANG_WARN_DIRECT_OBJC_ISA_USAGE = YES_ERROR;
				CLANG_WARN_DOCUMENTATION_COMMENTS = YES;
				CLANG_WARN_EMPTY_BODY = YES;
				CLANG_WARN_ENUM_CONVERSION = YES;
				CLANG_WARN_INFINITE_RECURSION = YES;
				CLANG_WARN_INT_CONVERSION = YES;
				CLANG_WARN_NON_LITERAL_NULL_CONVERSION = YES;
				CLANG_WARN_OBJC_IMPLICIT_RETAIN_SELF = YES;
				CLANG_WARN_OBJC_LITERAL_CONVERSION = YES;
				CLANG_WARN_OBJC_ROOT_CLASS = YES_ERROR;
				CLANG_WARN_RANGE_LOOP_ANALYSIS = YES;
				CLANG_WARN_STRICT_PROTOTYPES = YES;
				CLANG_WARN_SUSPICIOUS_MOVE = YES;
				CLANG_WARN_UNGUARDED_AVAILABILITY = YES_AGGRESSIVE;
				CLANG_WARN_UNREACHABLE_CODE = YES;
				CLANG_WARN__DUPLICATE_METHOD_MATCH = YES;
				CODE_SIGN_IDENTITY = "iPhone Developer";
				COPY_PHASE_STRIP = NO;
				DEBUG_INFORMATION_FORMAT = "dwarf-with-dsym";
				ENABLE_NS_ASSERTIONS = NO;
				ENABLE_STRICT_OBJC_MSGSEND = YES;
				GCC_C_LANGUAGE_STANDARD = gnu11;
				GCC_NO_COMMON_BLOCKS = YES;
				GCC_WARN_64_TO_32_BIT_CONVERSION = YES;
				GCC_WARN_ABOUT_RETURN_TYPE = YES_ERROR;
				GCC_WARN_UNDECLARED_SELECTOR = YES;
				GCC_WARN_UNINITIALIZED_AUTOS = YES_AGGRESSIVE;
				GCC_WARN_UNUSED_FUNCTION = YES;
				GCC_WARN_UNUSED_VARIABLE = YES;
				IPHONEOS_DEPLOYMENT_TARGET = 12.2;
				MTL_ENABLE_DEBUG_INFO = NO;
				MTL_FAST_MATH = YES;
				SDKROOT = iphoneos;
				SWIFT_COMPILATION_MODE = wholemodule;
				SWIFT_OPTIMIZATION_LEVEL = "-O";
				VALIDATE_PRODUCT = YES;
			};
			name = Release;
		};
		480779002264D76600248C0A /* Debug */ = {
			isa = XCBuildConfiguration;
			buildSettings = {
				ASSETCATALOG_COMPILER_APPICON_NAME = AppIcon;
				CODE_SIGN_STYLE = Automatic;
				DEVELOPMENT_TEAM = 8YH2HY6PT8;
				INFOPLIST_FILE = CustomPopup/Info.plist;
				LD_RUNPATH_SEARCH_PATHS = (
					"$(inherited)",
					"@executable_path/Frameworks",
				);
				PRODUCT_BUNDLE_IDENTIFIER = com.yusufali.CustomPopup;
				PRODUCT_NAME = "$(TARGET_NAME)";
				SWIFT_VERSION = 5.0;
				TARGETED_DEVICE_FAMILY = "1,2";
			};
			name = Debug;
		};
		480779012264D76600248C0A /* Release */ = {
			isa = XCBuildConfiguration;
			buildSettings = {
				ASSETCATALOG_COMPILER_APPICON_NAME = AppIcon;
				CODE_SIGN_STYLE = Automatic;
				DEVELOPMENT_TEAM = 8YH2HY6PT8;
				INFOPLIST_FILE = CustomPopup/Info.plist;
				LD_RUNPATH_SEARCH_PATHS = (
					"$(inherited)",
					"@executable_path/Frameworks",
				);
				PRODUCT_BUNDLE_IDENTIFIER = com.yusufali.CustomPopup;
				PRODUCT_NAME = "$(TARGET_NAME)";
				SWIFT_VERSION = 5.0;
				TARGETED_DEVICE_FAMILY = "1,2";
			};
			name = Release;
		};
/* End XCBuildConfiguration section */

/* Begin XCConfigurationList section */
		480778E82264D76500248C0A /* Build configuration list for PBXProject "CustomPopup" */ = {
			isa = XCConfigurationList;
			buildConfigurations = (
				480778FD2264D76600248C0A /* Debug */,
				480778FE2264D76600248C0A /* Release */,
			);
			defaultConfigurationIsVisible = 0;
			defaultConfigurationName = Release;
		};
		480778FF2264D76600248C0A /* Build configuration list for PBXNativeTarget "CustomPopup" */ = {
			isa = XCConfigurationList;
			buildConfigurations = (
				480779002264D76600248C0A /* Debug */,
				480779012264D76600248C0A /* Release */,
			);
			defaultConfigurationIsVisible = 0;
			defaultConfigurationName = Release;
		};
/* End XCConfigurationList section */
	};
	rootObject = 480778E52264D76500248C0A /* Project object */;
}
