// !$*UTF8*$!
{
	archiveVersion = 1;
	classes = {
	};
	objectVersion = 50;
	objects = {

/* Begin PBXBuildFile section */
		48AE5C9A22838DD9000596DF /* AppDelegate.swift in Sources */ = {isa = PBXBuildFile; fileRef = 48AE5C9922838DD9000596DF /* AppDelegate.swift */; };
		48AE5C9C22838DD9000596DF /* ViewController.swift in Sources */ = {isa = PBXBuildFile; fileRef = 48AE5C9B22838DD9000596DF /* ViewController.swift */; };
		48AE5C9F22838DD9000596DF /* Main.storyboard in Resources */ = {isa = PBXBuildFile; fileRef = 48AE5C9D22838DD9000596DF /* Main.storyboard */; };
		48AE5CA122838DDA000596DF /* Assets.xcassets in Resources */ = {isa = PBXBuildFile; fileRef = 48AE5CA022838DDA000596DF /* Assets.xcassets */; };
		48AE5CA422838DDA000596DF /* LaunchScreen.storyboard in Resources */ = {isa = PBXBuildFile; fileRef = 48AE5CA222838DDA000596DF /* LaunchScreen.storyboard */; };
		48AE5CAC22838E17000596DF /* CustomXib.swift in Sources */ = {isa = PBXBuildFile; fileRef = 48AE5CAB22838E17000596DF /* CustomXib.swift */; };
		48AE5CAE22838E4E000596DF /* CustomXib.xib in Resources */ = {isa = PBXBuildFile; fileRef = 48AE5CAD22838E4E000596DF /* CustomXib.xib */; };
/* End PBXBuildFile section */

/* Begin PBXFileReference section */
		48AE5C9622838DD9000596DF /* XibCustomPin.app */ = {isa = PBXFileReference; explicitFileType = wrapper.application; includeInIndex = 0; path = XibCustomPin.app; sourceTree = BUILT_PRODUCTS_DIR; };
		48AE5C9922838DD9000596DF /* AppDelegate.swift */ = {isa = PBXFileReference; lastKnownFileType = sourcecode.swift; path = AppDelegate.swift; sourceTree = "<group>"; };
		48AE5C9B22838DD9000596DF /* ViewController.swift */ = {isa = PBXFileReference; lastKnownFileType = sourcecode.swift; path = ViewController.swift; sourceTree = "<group>"; };
		48AE5C9E22838DD9000596DF /* Base */ = {isa = PBXFileReference; lastKnownFileType = file.storyboard; name = Base; path = Base.lproj/Main.storyboard; sourceTree = "<group>"; };
		48AE5CA022838DDA000596DF /* Assets.xcassets */ = {isa = PBXFileReference; lastKnownFileType = folder.assetcatalog; path = Assets.xcassets; sourceTree = "<group>"; };
		48AE5CA322838DDA000596DF /* Base */ = {isa = PBXFileReference; lastKnownFileType = file.storyboard; name = Base; path = Base.lproj/LaunchScreen.storyboard; sourceTree = "<group>"; };
		48AE5CA522838DDA000596DF /* Info.plist */ = {isa = PBXFileReference; lastKnownFileType = text.plist.xml; path = Info.plist; sourceTree = "<group>"; };
		48AE5CAB22838E17000596DF /* CustomXib.swift */ = {isa = PBXFileReference; lastKnownFileType = sourcecode.swift; path = CustomXib.swift; sourceTree = "<group>"; };
		48AE5CAD22838E4E000596DF /* CustomXib.xib */ = {isa = PBXFileReference; lastKnownFileType = file.xib; path = CustomXib.xib; sourceTree = "<group>"; };
/* End PBXFileReference section */

/* Begin PBXFrameworksBuildPhase section */
		48AE5C9322838DD9000596DF /* Frameworks */ = {
			isa = PBXFrameworksBuildPhase;
			buildActionMask = 2147483647;
			files = (
			);
			runOnlyForDeploymentPostprocessing = 0;
		};
/* End PBXFrameworksBuildPhase section */

/* Begin PBXGroup section */
		48AE5C8D22838DD9000596DF = {
			isa = PBXGroup;
			children = (
				48AE5C9822838DD9000596DF /* XibCustomPin */,
				48AE5C9722838DD9000596DF /* Products */,
			);
			sourceTree = "<group>";
		};
		48AE5C9722838DD9000596DF /* Products */ = {
			isa = PBXGroup;
			children = (
				48AE5C9622838DD9000596DF /* XibCustomPin.app */,
			);
			name = Products;
			sourceTree = "<group>";
		};
		48AE5C9822838DD9000596DF /* XibCustomPin */ = {
			isa = PBXGroup;
			children = (
				48AE5C9922838DD9000596DF /* AppDelegate.swift */,
				48AE5C9B22838DD9000596DF /* ViewController.swift */,
				48AE5C9D22838DD9000596DF /* Main.storyboard */,
				48AE5CA022838DDA000596DF /* Assets.xcassets */,
				48AE5CA222838DDA000596DF /* LaunchScreen.storyboard */,
				48AE5CA522838DDA000596DF /* Info.plist */,
				48AE5CAB22838E17000596DF /* CustomXib.swift */,
				48AE5CAD22838E4E000596DF /* CustomXib.xib */,
			);
			path = XibCustomPin;
			sourceTree = "<group>";
		};
/* End PBXGroup section */

/* Begin PBXNativeTarget section */
		48AE5C9522838DD9000596DF /* XibCustomPin */ = {
			isa = PBXNativeTarget;
			buildConfigurationList = 48AE5CA822838DDA000596DF /* Build configuration list for PBXNativeTarget "XibCustomPin" */;
			buildPhases = (
				48AE5C9222838DD9000596DF /* Sources */,
				48AE5C9322838DD9000596DF /* Frameworks */,
				48AE5C9422838DD9000596DF /* Resources */,
			);
			buildRules = (
			);
			dependencies = (
			);
			name = XibCustomPin;
			productName = XibCustomPin;
			productReference = 48AE5C9622838DD9000596DF /* XibCustomPin.app */;
			productType = "com.apple.product-type.application";
		};
/* End PBXNativeTarget section */

/* Begin PBXProject section */
		48AE5C8E22838DD9000596DF /* Project object */ = {
			isa = PBXProject;
			attributes = {
				LastSwiftUpdateCheck = 1020;
				LastUpgradeCheck = 1020;
				ORGANIZATIONNAME = "Yusuf Ali Cezik";
				TargetAttributes = {
					48AE5C9522838DD9000596DF = {
						CreatedOnToolsVersion = 10.2;
					};
				};
			};
			buildConfigurationList = 48AE5C9122838DD9000596DF /* Build configuration list for PBXProject "XibCustomPin" */;
			compatibilityVersion = "Xcode 9.3";
			developmentRegion = en;
			hasScannedForEncodings = 0;
			knownRegions = (
				en,
				Base,
			);
			mainGroup = 48AE5C8D22838DD9000596DF;
			productRefGroup = 48AE5C9722838DD9000596DF /* Products */;
			projectDirPath = "";
			projectRoot = "";
			targets = (
				48AE5C9522838DD9000596DF /* XibCustomPin */,
			);
		};
/* End PBXProject section */

/* Begin PBXResourcesBuildPhase section */
		48AE5C9422838DD9000596DF /* Resources */ = {
			isa = PBXResourcesBuildPhase;
			buildActionMask = 2147483647;
			files = (
				48AE5CAE22838E4E000596DF /* CustomXib.xib in Resources */,
				48AE5CA422838DDA000596DF /* LaunchScreen.storyboard in Resources */,
				48AE5CA122838DDA000596DF /* Assets.xcassets in Resources */,
				48AE5C9F22838DD9000596DF /* Main.storyboard in Resources */,
			);
			runOnlyForDeploymentPostprocessing = 0;
		};
/* End PBXResourcesBuildPhase section */

/* Begin PBXSourcesBuildPhase section */
		48AE5C9222838DD9000596DF /* Sources */ = {
			isa = PBXSourcesBuildPhase;
			buildActionMask = 2147483647;
			files = (
				48AE5CAC22838E17000596DF /* CustomXib.swift in Sources */,
				48AE5C9C22838DD9000596DF /* ViewController.swift in Sources */,
				48AE5C9A22838DD9000596DF /* AppDelegate.swift in Sources */,
			);
			runOnlyForDeploymentPostprocessing = 0;
		};
/* End PBXSourcesBuildPhase section */

/* Begin PBXVariantGroup section */
		48AE5C9D22838DD9000596DF /* Main.storyboard */ = {
			isa = PBXVariantGroup;
			children = (
				48AE5C9E22838DD9000596DF /* Base */,
			);
			name = Main.storyboard;
			sourceTree = "<group>";
		};
		48AE5CA222838DDA000596DF /* LaunchScreen.storyboard */ = {
			isa = PBXVariantGroup;
			children = (
				48AE5CA322838DDA000596DF /* Base */,
			);
			name = LaunchScreen.storyboard;
			sourceTree = "<group>";
		};
/* End PBXVariantGroup section */

/* Begin XCBuildConfiguration section */
		48AE5CA622838DDA000596DF /* Debug */ = {
			isa = XCBuildConfiguration;
			buildSettings = {
				ALWAYS_SEARCH_USER_PATHS = NO;
				CLANG_ANALYZER_NONNULL = YES;
				CLANG_ANALYZER_NUMBER_OBJECT_CONVERSION = YES_AGGRESSIVE;
				CLANG_CXX_LANGUAGE_STANDARD = "gnu++14";
				CLANG_CXX_LIBRARY = "libc++";
				CLANG_ENABLE_MODULES = YES;
				CLANG_ENABLE_OBJC_ARC = YES;
				CLANG_ENABLE_OBJC_WEAK = YES;
				CLANG_WARN_BLOCK_CAPTURE_AUTORELEASING = YES;
				CLANG_WARN_BOOL_CONVERSION = YES;
				CLANG_WARN_COMMA = YES;
				CLANG_WARN_CONSTANT_CONVERSION = YES;
				CLANG_WARN_DEPRECATED_OBJC_IMPLEMENTATIONS = YES;
				CLANG_WARN_DIRECT_OBJC_ISA_USAGE = YES_ERROR;
				CLANG_WARN_DOCUMENTATION_COMMENTS = YES;
				CLANG_WARN_EMPTY_BODY = YES;
				CLANG_WARN_ENUM_CONVERSION = YES;
				CLANG_WARN_INFINITE_RECURSION = YES;
				CLANG_WARN_INT_CONVERSION = YES;
				CLANG_WARN_NON_LITERAL_NULL_CONVERSION = YES;
				CLANG_WARN_OBJC_IMPLICIT_RETAIN_SELF = YES;
				CLANG_WARN_OBJC_LITERAL_CONVERSION = YES;
				CLANG_WARN_OBJC_ROOT_CLASS = YES_ERROR;
				CLANG_WARN_RANGE_LOOP_ANALYSIS = YES;
				CLANG_WARN_STRICT_PROTOTYPES = YES;
				CLANG_WARN_SUSPICIOUS_MOVE = YES;
				CLANG_WARN_UNGUARDED_AVAILABILITY = YES_AGGRESSIVE;
				CLANG_WARN_UNREACHABLE_CODE = YES;
				CLANG_WARN__DUPLICATE_METHOD_MATCH = YES;
				CODE_SIGN_IDENTITY = "iPhone Developer";
				COPY_PHASE_STRIP = NO;
				DEBUG_INFORMATION_FORMAT = dwarf;
				ENABLE_STRICT_OBJC_MSGSEND = YES;
				ENABLE_TESTABILITY = YES;
				GCC_C_LANGUAGE_STANDARD = gnu11;
				GCC_DYNAMIC_NO_PIC = NO;
				GCC_NO_COMMON_BLOCKS = YES;
				GCC_OPTIMIZATION_LEVEL = 0;
				GCC_PREPROCESSOR_DEFINITIONS = (
					"DEBUG=1",
					"$(inherited)",
				);
				GCC_WARN_64_TO_32_BIT_CONVERSION = YES;
				GCC_WARN_ABOUT_RETURN_TYPE = YES_ERROR;
				GCC_WARN_UNDECLARED_SELECTOR = YES;
				GCC_WARN_UNINITIALIZED_AUTOS = YES_AGGRESSIVE;
				GCC_WARN_UNUSED_FUNCTION = YES;
				GCC_WARN_UNUSED_VARIABLE = YES;
				IPHONEOS_DEPLOYMENT_TARGET = 12.2;
				MTL_ENABLE_DEBUG_INFO = INCLUDE_SOURCE;
				MTL_FAST_MATH = YES;
				ONLY_ACTIVE_ARCH = YES;
				SDKROOT = iphoneos;
				SWIFT_ACTIVE_COMPILATION_CONDITIONS = DEBUG;
				SWIFT_OPTIMIZATION_LEVEL = "-Onone";
			};
			name = Debug;
		};
		48AE5CA722838DDA000596DF /* Release */ = {
			isa = XCBuildConfiguration;
			buildSettings = {
				ALWAYS_SEARCH_USER_PATHS = NO;
				CLANG_ANALYZER_NONNULL = YES;
				CLANG_ANALYZER_NUMBER_OBJECT_CONVERSION = YES_AGGRESSIVE;
				CLANG_CXX_LANGUAGE_STANDARD = "gnu++14";
				CLANG_CXX_LIBRARY = "libc++";
				CLANG_ENABLE_MODULES = YES;
				CLANG_ENABLE_OBJC_ARC = YES;
				CLANG_ENABLE_OBJC_WEAK = YES;
				CLANG_WARN_BLOCK_CAPTURE_AUTORELEASING = YES;
				CLANG_WARN_BOOL_CONVERSION = YES;
				CLANG_WARN_COMMA = YES;
				CLANG_WARN_CONSTANT_CONVERSION = YES;
				CLANG_WARN_DEPRECATED_OBJC_IMPLEMENTATIONS = YES;
				CLANG_WARN_DIRECT_OBJC_ISA_USAGE = YES_ERROR;
				CLANG_WARN_DOCUMENTATION_COMMENTS = YES;
				CLANG_WARN_EMPTY_BODY = YES;
				CLANG_WARN_ENUM_CONVERSION = YES;
				CLANG_WARN_INFINITE_RECURSION = YES;
				CLANG_WARN_INT_CONVERSION = YES;
				CLANG_WARN_NON_LITERAL_NULL_CONVERSION = YES;
				CLANG_WARN_OBJC_IMPLICIT_RETAIN_SELF = YES;
				CLANG_WARN_OBJC_LITERAL_CONVERSION = YES;
				CLANG_WARN_OBJC_ROOT_CLASS = YES_ERROR;
				CLANG_WARN_RANGE_LOOP_ANALYSIS = YES;
				CLANG_WARN_STRICT_PROTOTYPES = YES;
				CLANG_WARN_SUSPICIOUS_MOVE = YES;
				CLANG_WARN_UNGUARDED_AVAILABILITY = YES_AGGRESSIVE;
				CLANG_WARN_UNREACHABLE_CODE = YES;
				CLANG_WARN__DUPLICATE_METHOD_MATCH = YES;
				CODE_SIGN_IDENTITY = "iPhone Developer";
				COPY_PHASE_STRIP = NO;
				DEBUG_INFORMATION_FORMAT = "dwarf-with-dsym";
				ENABLE_NS_ASSERTIONS = NO;
				ENABLE_STRICT_OBJC_MSGSEND = YES;
				GCC_C_LANGUAGE_STANDARD = gnu11;
				GCC_NO_COMMON_BLOCKS = YES;
				GCC_WARN_64_TO_32_BIT_CONVERSION = YES;
				GCC_WARN_ABOUT_RETURN_TYPE = YES_ERROR;
				GCC_WARN_UNDECLARED_SELECTOR = YES;
				GCC_WARN_UNINITIALIZED_AUTOS = YES_AGGRESSIVE;
				GCC_WARN_UNUSED_FUNCTION = YES;
				GCC_WARN_UNUSED_VARIABLE = YES;
				IPHONEOS_DEPLOYMENT_TARGET = 12.2;
				MTL_ENABLE_DEBUG_INFO = NO;
				MTL_FAST_MATH = YES;
				SDKROOT = iphoneos;
				SWIFT_COMPILATION_MODE = wholemodule;
				SWIFT_OPTIMIZATION_LEVEL = "-O";
				VALIDATE_PRODUCT = YES;
			};
			name = Release;
		};
		48AE5CA922838DDA000596DF /* Debug */ = {
			isa = XCBuildConfiguration;
			buildSettings = {
				ASSETCATALOG_COMPILER_APPICON_NAME = AppIcon;
				CODE_SIGN_STYLE = Automatic;
				DEVELOPMENT_TEAM = 8YH2HY6PT8;
				INFOPLIST_FILE = XibCustomPin/Info.plist;
				LD_RUNPATH_SEARCH_PATHS = (
					"$(inherited)",
					"@executable_path/Frameworks",
				);
				PRODUCT_BUNDLE_IDENTIFIER = com.yusufali.XibCustomPin;
				PRODUCT_NAME = "$(TARGET_NAME)";
				SWIFT_VERSION = 5.0;
				TARGETED_DEVICE_FAMILY = "1,2";
			};
			name = Debug;
		};
		48AE5CAA22838DDA000596DF /* Release */ = {
			isa = XCBuildConfiguration;
			buildSettings = {
				ASSETCATALOG_COMPILER_APPICON_NAME = AppIcon;
				CODE_SIGN_STYLE = Automatic;
				DEVELOPMENT_TEAM = 8YH2HY6PT8;
				INFOPLIST_FILE = XibCustomPin/Info.plist;
				LD_RUNPATH_SEARCH_PATHS = (
					"$(inherited)",
					"@executable_path/Frameworks",
				);
				PRODUCT_BUNDLE_IDENTIFIER = com.yusufali.XibCustomPin;
				PRODUCT_NAME = "$(TARGET_NAME)";
				SWIFT_VERSION = 5.0;
				TARGETED_DEVICE_FAMILY = "1,2";
			};
			name = Release;
		};
/* End XCBuildConfiguration section */

/* Begin XCConfigurationList section */
		48AE5C9122838DD9000596DF /* Build configuration list for PBXProject "XibCustomPin" */ = {
			isa = XCConfigurationList;
			buildConfigurations = (
				48AE5CA622838DDA000596DF /* Debug */,
				48AE5CA722838DDA000596DF /* Release */,
			);
			defaultConfigurationIsVisible = 0;
			defaultConfigurationName = Release;
		};
		48AE5CA822838DDA000596DF /* Build configuration list for PBXNativeTarget "XibCustomPin" */ = {
			isa = XCConfigurationList;
			buildConfigurations = (
				48AE5CA922838DDA000596DF /* Debug */,
				48AE5CAA22838DDA000596DF /* Release */,
			);
			defaultConfigurationIsVisible = 0;
			defaultConfigurationName = Release;
		};
/* End XCConfigurationList section */
	};
	rootObject = 48AE5C8E22838DD9000596DF /* Project object */;
}
