// !$*UTF8*$!
{
	archiveVersion = 1;
	classes = {
	};
	objectVersion = 50;
	objects = {

/* Begin PBXBuildFile section */
		480F41D2227C831000656A74 /* PhotoCell.swift in Sources */ = {isa = PBXBuildFile; fileRef = 480F41D1227C831000656A74 /* PhotoCell.swift */; };
		480F41D4227C87F900656A74 /* Constants.swift in Sources */ = {isa = PBXBuildFile; fileRef = 480F41D3227C87F900656A74 /* Constants.swift */; };
		480F41D6227CA2AF00656A74 /* PopVC.swift in Sources */ = {isa = PBXBuildFile; fileRef = 480F41D5227CA2AF00656A74 /* PopVC.swift */; };
		48D7250E227978CC0036D562 /* AppDelegate.swift in Sources */ = {isa = PBXBuildFile; fileRef = 48D7250D227978CC0036D562 /* AppDelegate.swift */; };
		48D72510227978CC0036D562 /* MapVC.swift in Sources */ = {isa = PBXBuildFile; fileRef = 48D7250F227978CC0036D562 /* MapVC.swift */; };
		48D72513227978CC0036D562 /* Main.storyboard in Resources */ = {isa = PBXBuildFile; fileRef = 48D72511227978CC0036D562 /* Main.storyboard */; };
		48D72515227978CD0036D562 /* Assets.xcassets in Resources */ = {isa = PBXBuildFile; fileRef = 48D72514227978CD0036D562 /* Assets.xcassets */; };
		48D72518227978CD0036D562 /* LaunchScreen.storyboard in Resources */ = {isa = PBXBuildFile; fileRef = 48D72516227978CD0036D562 /* LaunchScreen.storyboard */; };
		48D7252422798CFB0036D562 /* DropablePin.swift in Sources */ = {isa = PBXBuildFile; fileRef = 48D7252322798CFB0036D562 /* DropablePin.swift */; };
		5FEE71871B67FF17E91A8F0A /* Pods_MapCity.framework in Frameworks */ = {isa = PBXBuildFile; fileRef = C1B54D7D71610640A9632B3A /* Pods_MapCity.framework */; };
/* End PBXBuildFile section */

/* Begin PBXFileReference section */
		266522B5D1E47959D8DDF1BC /* Pods-MapCity.debug.xcconfig */ = {isa = PBXFileReference; includeInIndex = 1; lastKnownFileType = text.xcconfig; name = "Pods-MapCity.debug.xcconfig"; path = "Target Support Files/Pods-MapCity/Pods-MapCity.debug.xcconfig"; sourceTree = "<group>"; };
		42D79F43A565311DC99EB70B /* Pods-MapCity.release.xcconfig */ = {isa = PBXFileReference; includeInIndex = 1; lastKnownFileType = text.xcconfig; name = "Pods-MapCity.release.xcconfig"; path = "Target Support Files/Pods-MapCity/Pods-MapCity.release.xcconfig"; sourceTree = "<group>"; };
		480F41D1227C831000656A74 /* PhotoCell.swift */ = {isa = PBXFileReference; lastKnownFileType = sourcecode.swift; path = PhotoCell.swift; sourceTree = "<group>"; };
		480F41D3227C87F900656A74 /* Constants.swift */ = {isa = PBXFileReference; lastKnownFileType = sourcecode.swift; path = Constants.swift; sourceTree = "<group>"; };
		480F41D5227CA2AF00656A74 /* PopVC.swift */ = {isa = PBXFileReference; lastKnownFileType = sourcecode.swift; path = PopVC.swift; sourceTree = "<group>"; };
		48D7250A227978CC0036D562 /* MapCity.app */ = {isa = PBXFileReference; explicitFileType = wrapper.application; includeInIndex = 0; path = MapCity.app; sourceTree = BUILT_PRODUCTS_DIR; };
		48D7250D227978CC0036D562 /* AppDelegate.swift */ = {isa = PBXFileReference; lastKnownFileType = sourcecode.swift; path = AppDelegate.swift; sourceTree = "<group>"; };
		48D7250F227978CC0036D562 /* MapVC.swift */ = {isa = PBXFileReference; lastKnownFileType = sourcecode.swift; path = MapVC.swift; sourceTree = "<group>"; };
		48D72512227978CC0036D562 /* Base */ = {isa = PBXFileReference; lastKnownFileType = file.storyboard; name = Base; path = Base.lproj/Main.storyboard; sourceTree = "<group>"; };
		48D72514227978CD0036D562 /* Assets.xcassets */ = {isa = PBXFileReference; lastKnownFileType = folder.assetcatalog; path = Assets.xcassets; sourceTree = "<group>"; };
		48D72517227978CD0036D562 /* Base */ = {isa = PBXFileReference; lastKnownFileType = file.storyboard; name = Base; path = Base.lproj/LaunchScreen.storyboard; sourceTree = "<group>"; };
		48D72519227978CD0036D562 /* Info.plist */ = {isa = PBXFileReference; lastKnownFileType = text.plist.xml; path = Info.plist; sourceTree = "<group>"; };
		48D7252322798CFB0036D562 /* DropablePin.swift */ = {isa = PBXFileReference; lastKnownFileType = sourcecode.swift; path = DropablePin.swift; sourceTree = "<group>"; };
		C1B54D7D71610640A9632B3A /* Pods_MapCity.framework */ = {isa = PBXFileReference; explicitFileType = wrapper.framework; includeInIndex = 0; path = Pods_MapCity.framework; sourceTree = BUILT_PRODUCTS_DIR; };
/* End PBXFileReference section */

/* Begin PBXFrameworksBuildPhase section */
		48D72507227978CC0036D562 /* Frameworks */ = {
			isa = PBXFrameworksBuildPhase;
			buildActionMask = 2147483647;
			files = (
				5FEE71871B67FF17E91A8F0A /* Pods_MapCity.framework in Frameworks */,
			);
			runOnlyForDeploymentPostprocessing = 0;
		};
/* End PBXFrameworksBuildPhase section */

/* Begin PBXGroup section */
		48D72501227978CC0036D562 = {
			isa = PBXGroup;
			children = (
				48D7250C227978CC0036D562 /* MapCity */,
				48D7250B227978CC0036D562 /* Products */,
				8D3E25450FC37D5B2F7C1C72 /* Pods */,
				DE60DFB065FD627450403E61 /* Frameworks */,
			);
			sourceTree = "<group>";
		};
		48D7250B227978CC0036D562 /* Products */ = {
			isa = PBXGroup;
			children = (
				48D7250A227978CC0036D562 /* MapCity.app */,
			);
			name = Products;
			sourceTree = "<group>";
		};
		48D7250C227978CC0036D562 /* MapCity */ = {
			isa = PBXGroup;
			children = (
				48D72521227980C30036D562 /* View */,
				48D72520227980B80036D562 /* Extensions */,
				48D7251F227980B20036D562 /* Utils */,
				48D72522227980C70036D562 /* Controller */,
				48D7250D227978CC0036D562 /* AppDelegate.swift */,
				48D72514227978CD0036D562 /* Assets.xcassets */,
				48D72511227978CC0036D562 /* Main.storyboard */,
				48D72516227978CD0036D562 /* LaunchScreen.storyboard */,
				48D72519227978CD0036D562 /* Info.plist */,
			);
			path = MapCity;
			sourceTree = "<group>";
		};
		48D7251F227980B20036D562 /* Utils */ = {
			isa = PBXGroup;
			children = (
				480F41D3227C87F900656A74 /* Constants.swift */,
			);
			path = Utils;
			sourceTree = "<group>";
		};
		48D72520227980B80036D562 /* Extensions */ = {
			isa = PBXGroup;
			children = (
			);
			path = Extensions;
			sourceTree = "<group>";
		};
		48D72521227980C30036D562 /* View */ = {
			isa = PBXGroup;
			children = (
				48D7252322798CFB0036D562 /* DropablePin.swift */,
				480F41D1227C831000656A74 /* PhotoCell.swift */,
			);
			path = View;
			sourceTree = "<group>";
		};
		48D72522227980C70036D562 /* Controller */ = {
			isa = PBXGroup;
			children = (
				48D7250F227978CC0036D562 /* MapVC.swift */,
				480F41D5227CA2AF00656A74 /* PopVC.swift */,
			);
			path = Controller;
			sourceTree = "<group>";
		};
		8D3E25450FC37D5B2F7C1C72 /* Pods */ = {
			isa = PBXGroup;
			children = (
				266522B5D1E47959D8DDF1BC /* Pods-MapCity.debug.xcconfig */,
				42D79F43A565311DC99EB70B /* Pods-MapCity.release.xcconfig */,
			);
			path = Pods;
			sourceTree = "<group>";
		};
		DE60DFB065FD627450403E61 /* Frameworks */ = {
			isa = PBXGroup;
			children = (
				C1B54D7D71610640A9632B3A /* Pods_MapCity.framework */,
			);
			name = Frameworks;
			sourceTree = "<group>";
		};
/* End PBXGroup section */

/* Begin PBXNativeTarget section */
		48D72509227978CC0036D562 /* MapCity */ = {
			isa = PBXNativeTarget;
			buildConfigurationList = 48D7251C227978CD0036D562 /* Build configuration list for PBXNativeTarget "MapCity" */;
			buildPhases = (
				3DDC86B14FFCDE1F39A6DC73 /* [CP] Check Pods Manifest.lock */,
				48D72506227978CC0036D562 /* Sources */,
				48D72507227978CC0036D562 /* Frameworks */,
				48D72508227978CC0036D562 /* Resources */,
				A9C1F2E8BD453EF73EB22667 /* [CP] Embed Pods Frameworks */,
			);
			buildRules = (
			);
			dependencies = (
			);
			name = MapCity;
			productName = MapCity;
			productReference = 48D7250A227978CC0036D562 /* MapCity.app */;
			productType = "com.apple.product-type.application";
		};
/* End PBXNativeTarget section */

/* Begin PBXProject section */
		48D72502227978CC0036D562 /* Project object */ = {
			isa = PBXProject;
			attributes = {
				LastSwiftUpdateCheck = 1020;
				LastUpgradeCheck = 1020;
				ORGANIZATIONNAME = "Yusuf Ali Cezik";
				TargetAttributes = {
					48D72509227978CC0036D562 = {
						CreatedOnToolsVersion = 10.2;
					};
				};
			};
			buildConfigurationList = 48D72505227978CC0036D562 /* Build configuration list for PBXProject "MapCity" */;
			compatibilityVersion = "Xcode 9.3";
			developmentRegion = en;
			hasScannedForEncodings = 0;
			knownRegions = (
				en,
				Base,
			);
			mainGroup = 48D72501227978CC0036D562;
			productRefGroup = 48D7250B227978CC0036D562 /* Products */;
			projectDirPath = "";
			projectRoot = "";
			targets = (
				48D72509227978CC0036D562 /* MapCity */,
			);
		};
/* End PBXProject section */

/* Begin PBXResourcesBuildPhase section */
		48D72508227978CC0036D562 /* Resources */ = {
			isa = PBXResourcesBuildPhase;
			buildActionMask = 2147483647;
			files = (
				48D72518227978CD0036D562 /* LaunchScreen.storyboard in Resources */,
				48D72515227978CD0036D562 /* Assets.xcassets in Resources */,
				48D72513227978CC0036D562 /* Main.storyboard in Resources */,
			);
			runOnlyForDeploymentPostprocessing = 0;
		};
/* End PBXResourcesBuildPhase section */

/* Begin PBXShellScriptBuildPhase section */
		3DDC86B14FFCDE1F39A6DC73 /* [CP] Check Pods Manifest.lock */ = {
			isa = PBXShellScriptBuildPhase;
			buildActionMask = 2147483647;
			files = (
			);
			inputFileListPaths = (
			);
			inputPaths = (
				"${PODS_PODFILE_DIR_PATH}/Podfile.lock",
				"${PODS_ROOT}/Manifest.lock",
			);
			name = "[CP] Check Pods Manifest.lock";
			outputFileListPaths = (
			);
			outputPaths = (
				"$(DERIVED_FILE_DIR)/Pods-MapCity-checkManifestLockResult.txt",
			);
			runOnlyForDeploymentPostprocessing = 0;
			shellPath = /bin/sh;
			shellScript = "diff \"${PODS_PODFILE_DIR_PATH}/Podfile.lock\" \"${PODS_ROOT}/Manifest.lock\" > /dev/null\nif [ $? != 0 ] ; then\n    # print error to STDERR\n    echo \"error: The sandbox is not in sync with the Podfile.lock. Run 'pod install' or update your CocoaPods installation.\" >&2\n    exit 1\nfi\n# This output is used by Xcode 'outputs' to avoid re-running this script phase.\necho \"SUCCESS\" > \"${SCRIPT_OUTPUT_FILE_0}\"\n";
			showEnvVarsInLog = 0;
		};
		A9C1F2E8BD453EF73EB22667 /* [CP] Embed Pods Frameworks */ = {
			isa = PBXShellScriptBuildPhase;
			buildActionMask = 2147483647;
			files = (
			);
			inputFileListPaths = (
			);
			inputPaths = (
				"${PODS_ROOT}/Target Support Files/Pods-MapCity/Pods-MapCity-frameworks.sh",
				"${BUILT_PRODUCTS_DIR}/Alamofire/Alamofire.framework",
				"${BUILT_PRODUCTS_DIR}/AlamofireImage/AlamofireImage.framework",
			);
			name = "[CP] Embed Pods Frameworks";
			outputFileListPaths = (
			);
			outputPaths = (
				"${TARGET_BUILD_DIR}/${FRAMEWORKS_FOLDER_PATH}/Alamofire.framework",
				"${TARGET_BUILD_DIR}/${FRAMEWORKS_FOLDER_PATH}/AlamofireImage.framework",
			);
			runOnlyForDeploymentPostprocessing = 0;
			shellPath = /bin/sh;
			shellScript = "\"${PODS_ROOT}/Target Support Files/Pods-MapCity/Pods-MapCity-frameworks.sh\"\n";
			showEnvVarsInLog = 0;
		};
/* End PBXShellScriptBuildPhase section */

/* Begin PBXSourcesBuildPhase section */
		48D72506227978CC0036D562 /* Sources */ = {
			isa = PBXSourcesBuildPhase;
			buildActionMask = 2147483647;
			files = (
				480F41D6227CA2AF00656A74 /* PopVC.swift in Sources */,
				480F41D4227C87F900656A74 /* Constants.swift in Sources */,
				480F41D2227C831000656A74 /* PhotoCell.swift in Sources */,
				48D72510227978CC0036D562 /* MapVC.swift in Sources */,
				48D7252422798CFB0036D562 /* DropablePin.swift in Sources */,
				48D7250E227978CC0036D562 /* AppDelegate.swift in Sources */,
			);
			runOnlyForDeploymentPostprocessing = 0;
		};
/* End PBXSourcesBuildPhase section */

/* Begin PBXVariantGroup section */
		48D72511227978CC0036D562 /* Main.storyboard */ = {
			isa = PBXVariantGroup;
			children = (
				48D72512227978CC0036D562 /* Base */,
			);
			name = Main.storyboard;
			sourceTree = "<group>";
		};
		48D72516227978CD0036D562 /* LaunchScreen.storyboard */ = {
			isa = PBXVariantGroup;
			children = (
				48D72517227978CD0036D562 /* Base */,
			);
			name = LaunchScreen.storyboard;
			sourceTree = "<group>";
		};
/* End PBXVariantGroup section */

/* Begin XCBuildConfiguration section */
		48D7251A227978CD0036D562 /* Debug */ = {
			isa = XCBuildConfiguration;
			buildSettings = {
				ALWAYS_SEARCH_USER_PATHS = NO;
				CLANG_ANALYZER_NONNULL = YES;
				CLANG_ANALYZER_NUMBER_OBJECT_CONVERSION = YES_AGGRESSIVE;
				CLANG_CXX_LANGUAGE_STANDARD = "gnu++14";
				CLANG_CXX_LIBRARY = "libc++";
				CLANG_ENABLE_MODULES = YES;
				CLANG_ENABLE_OBJC_ARC = YES;
				CLANG_ENABLE_OBJC_WEAK = YES;
				CLANG_WARN_BLOCK_CAPTURE_AUTORELEASING = YES;
				CLANG_WARN_BOOL_CONVERSION = YES;
				CLANG_WARN_COMMA = YES;
				CLANG_WARN_CONSTANT_CONVERSION = YES;
				CLANG_WARN_DEPRECATED_OBJC_IMPLEMENTATIONS = YES;
				CLANG_WARN_DIRECT_OBJC_ISA_USAGE = YES_ERROR;
				CLANG_WARN_DOCUMENTATION_COMMENTS = YES;
				CLANG_WARN_EMPTY_BODY = YES;
				CLANG_WARN_ENUM_CONVERSION = YES;
				CLANG_WARN_INFINITE_RECURSION = YES;
				CLANG_WARN_INT_CONVERSION = YES;
				CLANG_WARN_NON_LITERAL_NULL_CONVERSION = YES;
				CLANG_WARN_OBJC_IMPLICIT_RETAIN_SELF = YES;
				CLANG_WARN_OBJC_LITERAL_CONVERSION = YES;
				CLANG_WARN_OBJC_ROOT_CLASS = YES_ERROR;
				CLANG_WARN_RANGE_LOOP_ANALYSIS = YES;
				CLANG_WARN_STRICT_PROTOTYPES = YES;
				CLANG_WARN_SUSPICIOUS_MOVE = YES;
				CLANG_WARN_UNGUARDED_AVAILABILITY = YES_AGGRESSIVE;
				CLANG_WARN_UNREACHABLE_CODE = YES;
				CLANG_WARN__DUPLICATE_METHOD_MATCH = YES;
				CODE_SIGN_IDENTITY = "iPhone Developer";
				COPY_PHASE_STRIP = NO;
				DEBUG_INFORMATION_FORMAT = dwarf;
				ENABLE_STRICT_OBJC_MSGSEND = YES;
				ENABLE_TESTABILITY = YES;
				GCC_C_LANGUAGE_STANDARD = gnu11;
				GCC_DYNAMIC_NO_PIC = NO;
				GCC_NO_COMMON_BLOCKS = YES;
				GCC_OPTIMIZATION_LEVEL = 0;
				GCC_PREPROCESSOR_DEFINITIONS = (
					"DEBUG=1",
					"$(inherited)",
				);
				GCC_WARN_64_TO_32_BIT_CONVERSION = YES;
				GCC_WARN_ABOUT_RETURN_TYPE = YES_ERROR;
				GCC_WARN_UNDECLARED_SELECTOR = YES;
				GCC_WARN_UNINITIALIZED_AUTOS = YES_AGGRESSIVE;
				GCC_WARN_UNUSED_FUNCTION = YES;
				GCC_WARN_UNUSED_VARIABLE = YES;
				IPHONEOS_DEPLOYMENT_TARGET = 12.2;
				MTL_ENABLE_DEBUG_INFO = INCLUDE_SOURCE;
				MTL_FAST_MATH = YES;
				ONLY_ACTIVE_ARCH = YES;
				SDKROOT = iphoneos;
				SWIFT_ACTIVE_COMPILATION_CONDITIONS = DEBUG;
				SWIFT_OPTIMIZATION_LEVEL = "-Onone";
			};
			name = Debug;
		};
		48D7251B227978CD0036D562 /* Release */ = {
			isa = XCBuildConfiguration;
			buildSettings = {
				ALWAYS_SEARCH_USER_PATHS = NO;
				CLANG_ANALYZER_NONNULL = YES;
				CLANG_ANALYZER_NUMBER_OBJECT_CONVERSION = YES_AGGRESSIVE;
				CLANG_CXX_LANGUAGE_STANDARD = "gnu++14";
				CLANG_CXX_LIBRARY = "libc++";
				CLANG_ENABLE_MODULES = YES;
				CLANG_ENABLE_OBJC_ARC = YES;
				CLANG_ENABLE_OBJC_WEAK = YES;
				CLANG_WARN_BLOCK_CAPTURE_AUTORELEASING = YES;
				CLANG_WARN_BOOL_CONVERSION = YES;
				CLANG_WARN_COMMA = YES;
				CLANG_WARN_CONSTANT_CONVERSION = YES;
				CLANG_WARN_DEPRECATED_OBJC_IMPLEMENTATIONS = YES;
				CLANG_WARN_DIRECT_OBJC_ISA_USAGE = YES_ERROR;
				CLANG_WARN_DOCUMENTATION_COMMENTS = YES;
				CLANG_WARN_EMPTY_BODY = YES;
				CLANG_WARN_ENUM_CONVERSION = YES;
				CLANG_WARN_INFINITE_RECURSION = YES;
				CLANG_WARN_INT_CONVERSION = YES;
				CLANG_WARN_NON_LITERAL_NULL_CONVERSION = YES;
				CLANG_WARN_OBJC_IMPLICIT_RETAIN_SELF = YES;
				CLANG_WARN_OBJC_LITERAL_CONVERSION = YES;
				CLANG_WARN_OBJC_ROOT_CLASS = YES_ERROR;
				CLANG_WARN_RANGE_LOOP_ANALYSIS = YES;
				CLANG_WARN_STRICT_PROTOTYPES = YES;
				CLANG_WARN_SUSPICIOUS_MOVE = YES;
				CLANG_WARN_UNGUARDED_AVAILABILITY = YES_AGGRESSIVE;
				CLANG_WARN_UNREACHABLE_CODE = YES;
				CLANG_WARN__DUPLICATE_METHOD_MATCH = YES;
				CODE_SIGN_IDENTITY = "iPhone Developer";
				COPY_PHASE_STRIP = NO;
				DEBUG_INFORMATION_FORMAT = "dwarf-with-dsym";
				ENABLE_NS_ASSERTIONS = NO;
				ENABLE_STRICT_OBJC_MSGSEND = YES;
				GCC_C_LANGUAGE_STANDARD = gnu11;
				GCC_NO_COMMON_BLOCKS = YES;
				GCC_WARN_64_TO_32_BIT_CONVERSION = YES;
				GCC_WARN_ABOUT_RETURN_TYPE = YES_ERROR;
				GCC_WARN_UNDECLARED_SELECTOR = YES;
				GCC_WARN_UNINITIALIZED_AUTOS = YES_AGGRESSIVE;
				GCC_WARN_UNUSED_FUNCTION = YES;
				GCC_WARN_UNUSED_VARIABLE = YES;
				IPHONEOS_DEPLOYMENT_TARGET = 12.2;
				MTL_ENABLE_DEBUG_INFO = NO;
				MTL_FAST_MATH = YES;
				SDKROOT = iphoneos;
				SWIFT_COMPILATION_MODE = wholemodule;
				SWIFT_OPTIMIZATION_LEVEL = "-O";
				VALIDATE_PRODUCT = YES;
			};
			name = Release;
		};
		48D7251D227978CD0036D562 /* Debug */ = {
			isa = XCBuildConfiguration;
			baseConfigurationReference = 266522B5D1E47959D8DDF1BC /* Pods-MapCity.debug.xcconfig */;
			buildSettings = {
				ASSETCATALOG_COMPILER_APPICON_NAME = AppIcon;
				CODE_SIGN_STYLE = Automatic;
				DEVELOPMENT_TEAM = 8YH2HY6PT8;
				INFOPLIST_FILE = MapCity/Info.plist;
				LD_RUNPATH_SEARCH_PATHS = (
					"$(inherited)",
					"@executable_path/Frameworks",
				);
				PRODUCT_BUNDLE_IDENTIFIER = com.yusufali.MapCity;
				PRODUCT_NAME = "$(TARGET_NAME)";
				SWIFT_VERSION = 5.0;
				TARGETED_DEVICE_FAMILY = "1,2";
			};
			name = Debug;
		};
		48D7251E227978CD0036D562 /* Release */ = {
			isa = XCBuildConfiguration;
			baseConfigurationReference = 42D79F43A565311DC99EB70B /* Pods-MapCity.release.xcconfig */;
			buildSettings = {
				ASSETCATALOG_COMPILER_APPICON_NAME = AppIcon;
				CODE_SIGN_STYLE = Automatic;
				DEVELOPMENT_TEAM = 8YH2HY6PT8;
				INFOPLIST_FILE = MapCity/Info.plist;
				LD_RUNPATH_SEARCH_PATHS = (
					"$(inherited)",
					"@executable_path/Frameworks",
				);
				PRODUCT_BUNDLE_IDENTIFIER = com.yusufali.MapCity;
				PRODUCT_NAME = "$(TARGET_NAME)";
				SWIFT_VERSION = 5.0;
				TARGETED_DEVICE_FAMILY = "1,2";
			};
			name = Release;
		};
/* End XCBuildConfiguration section */

/* Begin XCConfigurationList section */
		48D72505227978CC0036D562 /* Build configuration list for PBXProject "MapCity" */ = {
			isa = XCConfigurationList;
			buildConfigurations = (
				48D7251A227978CD0036D562 /* Debug */,
				48D7251B227978CD0036D562 /* Release */,
			);
			defaultConfigurationIsVisible = 0;
			defaultConfigurationName = Release;
		};
		48D7251C227978CD0036D562 /* Build configuration list for PBXNativeTarget "MapCity" */ = {
			isa = XCConfigurationList;
			buildConfigurations = (
				48D7251D227978CD0036D562 /* Debug */,
				48D7251E227978CD0036D562 /* Release */,
			);
			defaultConfigurationIsVisible = 0;
			defaultConfigurationName = Release;
		};
/* End XCConfigurationList section */
	};
	rootObject = 48D72502227978CC0036D562 /* Project object */;
}
